// !$*UTF8*$!
{
	archiveVersion = 1;
	classes = {
	};
	objectVersion = 46;
	objects = {

/* Begin PBXBuildFile section */
		CC2BA0601A16F1B400D6A4CA /* QYViewController.m in Sources */ = {isa = PBXBuildFile; fileRef = CC2BA05F1A16F1B400D6A4CA /* QYViewController.m */; };
		CC2BA06B1A16F64800D6A4CA /* other@2x.png in Resources */ = {isa = PBXBuildFile; fileRef = CC2BA0691A16F64800D6A4CA /* other@2x.png */; };
		CC2BA06C1A16F64800D6A4CA /* other_highlighted@2x.png in Resources */ = {isa = PBXBuildFile; fileRef = CC2BA06A1A16F64800D6A4CA /* other_highlighted@2x.png */; };
		CC2BA06F1A16F6BD00D6A4CA /* UICatdlog_highlighted@2x.png in Resources */ = {isa = PBXBuildFile; fileRef = CC2BA06D1A16F6BD00D6A4CA /* UICatdlog_highlighted@2x.png */; };
		CC2BA0701A16F6BD00D6A4CA /* UICatalog@2x.png in Resources */ = {isa = PBXBuildFile; fileRef = CC2BA06E1A16F6BD00D6A4CA /* UICatalog@2x.png */; };
		CC2BA0771A16FA2D00D6A4CA /* others_highlighted@2x.png in Resources */ = {isa = PBXBuildFile; fileRef = CC2BA0751A16FA2D00D6A4CA /* others_highlighted@2x.png */; };
		CC2BA0781A16FA2D00D6A4CA /* others@2x.png in Resources */ = {isa = PBXBuildFile; fileRef = CC2BA0761A16FA2D00D6A4CA /* others@2x.png */; };
		CC2BA07B1A16FA7400D6A4CA /* tab_contact_highlighted@2x.png in Resources */ = {isa = PBXBuildFile; fileRef = CC2BA0791A16FA7400D6A4CA /* tab_contact_highlighted@2x.png */; };
		CC2BA07C1A16FA7400D6A4CA /* tab_contact@2x.png in Resources */ = {isa = PBXBuildFile; fileRef = CC2BA07A1A16FA7400D6A4CA /* tab_contact@2x.png */; };
		CC2BA07E1A16FBB800D6A4CA /* Viewcontroller.jpg in Resources */ = {isa = PBXBuildFile; fileRef = CC2BA07D1A16FBB800D6A4CA /* Viewcontroller.jpg */; };
		CC2BA0801A16FBE100D6A4CA /* addressBook.jpg in Resources */ = {isa = PBXBuildFile; fileRef = CC2BA07F1A16FBE100D6A4CA /* addressBook.jpg */; };
		CC2BA0831A16FC8700D6A4CA /* ContactsTableViewController.m in Sources */ = {isa = PBXBuildFile; fileRef = CC2BA0821A16FC8700D6A4CA /* ContactsTableViewController.m */; };
		CC2BA0851A16FE4700D6A4CA /* contacter.plist in Resources */ = {isa = PBXBuildFile; fileRef = CC2BA0841A16FE4700D6A4CA /* contacter.plist */; };
		CC2BA0961A1707A100D6A4CA /* QYChild.m in Sources */ = {isa = PBXBuildFile; fileRef = CC2BA0951A1707A100D6A4CA /* QYChild.m */; };
		CC2BA09D1A171F3000D6A4CA /* angel.jpg in Resources */ = {isa = PBXBuildFile; fileRef = CC2BA09C1A171F3000D6A4CA /* angel.jpg */; };
		CC2BA0A31A171F3F00D6A4CA /* jiejie.jpg in Resources */ = {isa = PBXBuildFile; fileRef = CC2BA09E1A171F3F00D6A4CA /* jiejie.jpg */; };
		CC2BA0A41A171F3F00D6A4CA /* duoduo.jpg in Resources */ = {isa = PBXBuildFile; fileRef = CC2BA09F1A171F3F00D6A4CA /* duoduo.jpg */; };
		CC2BA0A61A171F3F00D6A4CA /* tiantian.jpg in Resources */ = {isa = PBXBuildFile; fileRef = CC2BA0A11A171F3F00D6A4CA /* tiantian.jpg */; };
		CC2BA0A71A171F3F00D6A4CA /* kimi.jpg in Resources */ = {isa = PBXBuildFile; fileRef = CC2BA0A21A171F3F00D6A4CA /* kimi.jpg */; };
		CC2BA0A91A171FE400D6A4CA /* yangyang.jpg in Resources */ = {isa = PBXBuildFile; fileRef = CC2BA0A81A171FE400D6A4CA /* yangyang.jpg */; };
		CC2BA0AB1A17203C00D6A4CA /* shitou.jpg in Resources */ = {isa = PBXBuildFile; fileRef = CC2BA0AA1A17203C00D6A4CA /* shitou.jpg */; };
		CC2BA0AD1A17214C00D6A4CA /* beier.jpg in Resources */ = {isa = PBXBuildFile; fileRef = CC2BA0AC1A17214C00D6A4CA /* beier.jpg */; };
		CC2BA0B11A17249500D6A4CA /* feyman.jpg in Resources */ = {isa = PBXBuildFile; fileRef = CC2BA0B01A17249500D6A4CA /* feyman.jpg */; };
		CC2BA0B31A1724D100D6A4CA /* cindy.jpg in Resources */ = {isa = PBXBuildFile; fileRef = CC2BA0B21A1724D100D6A4CA /* cindy.jpg */; };
		CC2BA0B51A17254600D6A4CA /* joe.jpg in Resources */ = {isa = PBXBuildFile; fileRef = CC2BA0B41A17254600D6A4CA /* joe.jpg */; };
		CC2BA0B71A172BCC00D6A4CA /* tabBarSystemItem.plist in Resources */ = {isa = PBXBuildFile; fileRef = CC2BA0B61A172BCC00D6A4CA /* tabBarSystemItem.plist */; };
		CC2BA0B91A1737AB00D6A4CA /* tabBarItem.png in Resources */ = {isa = PBXBuildFile; fileRef = CC2BA0B81A1737AB00D6A4CA /* tabBarItem.png */; };
		CC2BA0BB1A17382200D6A4CA /* tabBarItem2.png in Resources */ = {isa = PBXBuildFile; fileRef = CC2BA0BA1A17382200D6A4CA /* tabBarItem2.png */; };
		CC2BA0BD1A173AFE00D6A4CA /* hideTabBar@2x.png in Resources */ = {isa = PBXBuildFile; fileRef = CC2BA0BC1A173AFE00D6A4CA /* hideTabBar@2x.png */; };
		CC2BA0BF1A173BC000D6A4CA /* showTabBar@2x.png in Resources */ = {isa = PBXBuildFile; fileRef = CC2BA0BE1A173BC000D6A4CA /* showTabBar@2x.png */; };
		CC2BA0C21A17602D00D6A4CA /* bookmarkImage.png in Resources */ = {isa = PBXBuildFile; fileRef = CC2BA0C01A17602D00D6A4CA /* bookmarkImage.png */; };
		CC2BA0C31A17602D00D6A4CA /* bookmarkImageHighlighted.png in Resources */ = {isa = PBXBuildFile; fileRef = CC2BA0C11A17602D00D6A4CA /* bookmarkImageHighlighted.png */; };
		CC2BA0C61A176B4B00D6A4CA /* cellBtn_highlighted@2x.png in Resources */ = {isa = PBXBuildFile; fileRef = CC2BA0C41A176B4B00D6A4CA /* cellBtn_highlighted@2x.png */; };
		CC2BA0C71A176B4B00D6A4CA /* cellBtn@2x.png in Resources */ = {isa = PBXBuildFile; fileRef = CC2BA0C51A176B4B00D6A4CA /* cellBtn@2x.png */; };
		CC2BA0CA1A176E9D00D6A4CA /* TransitionViewController.m in Sources */ = {isa = PBXBuildFile; fileRef = CC2BA0C91A176E9D00D6A4CA /* TransitionViewController.m */; };
		CC2BA0CD1A176F8A00D6A4CA /* push_highlighted@2x.png in Resources */ = {isa = PBXBuildFile; fileRef = CC2BA0CB1A176F8A00D6A4CA /* push_highlighted@2x.png */; };
		CC2BA0CE1A176F8A00D6A4CA /* push@2x.png in Resources */ = {isa = PBXBuildFile; fileRef = CC2BA0CC1A176F8A00D6A4CA /* push@2x.png */; };
		CC372B2D1A144AE300B499FE /* UIActivityTableViewController.m in Sources */ = {isa = PBXBuildFile; fileRef = CC372B2C1A144AE300B499FE /* UIActivityTableViewController.m */; };
		CC372B2F1A144BCA00B499FE /* 10.png in Resources */ = {isa = PBXBuildFile; fileRef = CC372B2E1A144BCA00B499FE /* 10.png */; };
		CC372B321A1454F700B499FE /* SwitchTableViewController.m in Sources */ = {isa = PBXBuildFile; fileRef = CC372B311A1454F700B499FE /* SwitchTableViewController.m */; };
		CC372B341A14727200B499FE /* whiteButton.png in Resources */ = {isa = PBXBuildFile; fileRef = CC372B331A14727200B499FE /* whiteButton.png */; };
		CC372B361A14756300B499FE /* switch.png in Resources */ = {isa = PBXBuildFile; fileRef = CC372B351A14756300B499FE /* switch.png */; };
		CC372B821A1493DD00B499FE /* orangeslide.png in Resources */ = {isa = PBXBuildFile; fileRef = CC372B811A1493DD00B499FE /* orangeslide.png */; };
		CC372B841A1493E700B499FE /* slider_ball.png in Resources */ = {isa = PBXBuildFile; fileRef = CC372B831A1493E700B499FE /* slider_ball.png */; };
		CC372B861A14994F00B499FE /* yellowslide.png in Resources */ = {isa = PBXBuildFile; fileRef = CC372B851A14994F00B499FE /* yellowslide.png */; };
		CC372B8A1A14C95000B499FE /* segmentedBackground.png in Resources */ = {isa = PBXBuildFile; fileRef = CC372B891A14C95000B499FE /* segmentedBackground.png */; };
		CC4C143C1A11BEBC002BC62F /* Foundation.framework in Frameworks */ = {isa = PBXBuildFile; fileRef = CC4C143B1A11BEBC002BC62F /* Foundation.framework */; };
		CC4C143E1A11BEBC002BC62F /* CoreGraphics.framework in Frameworks */ = {isa = PBXBuildFile; fileRef = CC4C143D1A11BEBC002BC62F /* CoreGraphics.framework */; };
		CC4C14401A11BEBC002BC62F /* UIKit.framework in Frameworks */ = {isa = PBXBuildFile; fileRef = CC4C143F1A11BEBC002BC62F /* UIKit.framework */; };
		CC4C14461A11BEBC002BC62F /* InfoPlist.strings in Resources */ = {isa = PBXBuildFile; fileRef = CC4C14441A11BEBC002BC62F /* InfoPlist.strings */; };
		CC4C14481A11BEBC002BC62F /* main.m in Sources */ = {isa = PBXBuildFile; fileRef = CC4C14471A11BEBC002BC62F /* main.m */; };
		CC4C144C1A11BEBC002BC62F /* QYAppDelegate.m in Sources */ = {isa = PBXBuildFile; fileRef = CC4C144B1A11BEBC002BC62F /* QYAppDelegate.m */; };
		CC4C144E1A11BEBC002BC62F /* Images.xcassets in Resources */ = {isa = PBXBuildFile; fileRef = CC4C144D1A11BEBC002BC62F /* Images.xcassets */; };
		CC4C14551A11BEBC002BC62F /* XCTest.framework in Frameworks */ = {isa = PBXBuildFile; fileRef = CC4C14541A11BEBC002BC62F /* XCTest.framework */; };
		CC4C14561A11BEBC002BC62F /* Foundation.framework in Frameworks */ = {isa = PBXBuildFile; fileRef = CC4C143B1A11BEBC002BC62F /* Foundation.framework */; };
		CC4C14571A11BEBC002BC62F /* UIKit.framework in Frameworks */ = {isa = PBXBuildFile; fileRef = CC4C143F1A11BEBC002BC62F /* UIKit.framework */; };
		CC4C145F1A11BEBC002BC62F /* InfoPlist.strings in Resources */ = {isa = PBXBuildFile; fileRef = CC4C145D1A11BEBC002BC62F /* InfoPlist.strings */; };
		CC4C14611A11BEBC002BC62F /* UICatalogTests.m in Sources */ = {isa = PBXBuildFile; fileRef = CC4C14601A11BEBC002BC62F /* UICatalogTests.m */; };
		CC4C14721A11CD51002BC62F /* QYTableViewController.m in Sources */ = {isa = PBXBuildFile; fileRef = CC4C14711A11CD51002BC62F /* QYTableViewController.m */; };
		CC4C147A1A11D31D002BC62F /* catalog.plist in Resources */ = {isa = PBXBuildFile; fileRef = CC4C14791A11D31D002BC62F /* catalog.plist */; };
		CC4C147C1A11D5E9002BC62F /* controls.plist in Resources */ = {isa = PBXBuildFile; fileRef = CC4C147B1A11D5E9002BC62F /* controls.plist */; };
		CC4C14801A11D637002BC62F /* QYMainViewController.m in Sources */ = {isa = PBXBuildFile; fileRef = CC4C147F1A11D637002BC62F /* QYMainViewController.m */; };
		CC4C14831A11DB8D002BC62F /* LabelTableViewController.m in Sources */ = {isa = PBXBuildFile; fileRef = CC4C14821A11DB8D002BC62F /* LabelTableViewController.m */; };
		CC4C148C1A11DBD8002BC62F /* ImageViewTableViewController.m in Sources */ = {isa = PBXBuildFile; fileRef = CC4C148B1A11DBD8002BC62F /* ImageViewTableViewController.m */; };
		CC4C14901A11E703002BC62F /* ButtonTableViewController.m in Sources */ = {isa = PBXBuildFile; fileRef = CC4C148F1A11E703002BC62F /* ButtonTableViewController.m */; };
		CC4C14931A11E70F002BC62F /* SliderTableViewController.m in Sources */ = {isa = PBXBuildFile; fileRef = CC4C14921A11E70F002BC62F /* SliderTableViewController.m */; };
		CC4C14961A11E720002BC62F /* PageControlTableViewController.m in Sources */ = {isa = PBXBuildFile; fileRef = CC4C14951A11E720002BC62F /* PageControlTableViewController.m */; };
		CC4C14991A11E738002BC62F /* SegmentedControlTableViewController.m in Sources */ = {isa = PBXBuildFile; fileRef = CC4C14981A11E738002BC62F /* SegmentedControlTableViewController.m */; };
		CC4C14AF1A11F0EA002BC62F /* ColorTableViewController.m in Sources */ = {isa = PBXBuildFile; fileRef = CC4C14AE1A11F0EA002BC62F /* ColorTableViewController.m */; };
		CC4C14B21A11F0F5002BC62F /* FontTableViewController.m in Sources */ = {isa = PBXBuildFile; fileRef = CC4C14B11A11F0F5002BC62F /* FontTableViewController.m */; };
		CC4C14B51A11F101002BC62F /* AlertTableViewController.m in Sources */ = {isa = PBXBuildFile; fileRef = CC4C14B41A11F101002BC62F /* AlertTableViewController.m */; };
		CC4C14B81A11F10D002BC62F /* ActionSheetTableViewController.m in Sources */ = {isa = PBXBuildFile; fileRef = CC4C14B71A11F10D002BC62F /* ActionSheetTableViewController.m */; };
		CC4C14BB1A11FAEA002BC62F /* TextFieldTableViewController.m in Sources */ = {isa = PBXBuildFile; fileRef = CC4C14BA1A11FAEA002BC62F /* TextFieldTableViewController.m */; };
		CC4C14C01A11FC5F002BC62F /* 1.png in Resources */ = {isa = PBXBuildFile; fileRef = CC4C14BF1A11FC5F002BC62F /* 1.png */; };
		CC4C14C21A11FC78002BC62F /* 2.png in Resources */ = {isa = PBXBuildFile; fileRef = CC4C14C11A11FC78002BC62F /* 2.png */; };
		CC4C14C41A11FD4C002BC62F /* 0.png in Resources */ = {isa = PBXBuildFile; fileRef = CC4C14C31A11FD4C002BC62F /* 0.png */; };
		CC4C14C91A11FD58002BC62F /* 3.png in Resources */ = {isa = PBXBuildFile; fileRef = CC4C14C51A11FD58002BC62F /* 3.png */; };
		CC4C14CA1A11FD58002BC62F /* 6.png in Resources */ = {isa = PBXBuildFile; fileRef = CC4C14C61A11FD58002BC62F /* 6.png */; };
		CC4C14CB1A11FD58002BC62F /* 4.png in Resources */ = {isa = PBXBuildFile; fileRef = CC4C14C71A11FD58002BC62F /* 4.png */; };
		CC4C14CC1A11FD58002BC62F /* 5.png in Resources */ = {isa = PBXBuildFile; fileRef = CC4C14C81A11FD58002BC62F /* 5.png */; };
		CCBB0B021A162C08001F1004 /* SearchBarViewController.m in Sources */ = {isa = PBXBuildFile; fileRef = CCBB0B011A162C08001F1004 /* SearchBarViewController.m */; };
		CCBB0B051A162CB0001F1004 /* WebViewController.m in Sources */ = {isa = PBXBuildFile; fileRef = CCBB0B041A162CB0001F1004 /* WebViewController.m */; };
		CCBB0B071A16353A001F1004 /* 11.png in Resources */ = {isa = PBXBuildFile; fileRef = CCBB0B061A16353A001F1004 /* 11.png */; };
		CCBB0B091A164147001F1004 /* 7.jpg in Resources */ = {isa = PBXBuildFile; fileRef = CCBB0B081A164147001F1004 /* 7.jpg */; };
		CCBB0B0C1A1642B9001F1004 /* 8.jpg in Resources */ = {isa = PBXBuildFile; fileRef = CCBB0B0A1A1642B9001F1004 /* 8.jpg */; };
		CCBB0B0D1A1642B9001F1004 /* 10.jpg in Resources */ = {isa = PBXBuildFile; fileRef = CCBB0B0B1A1642B9001F1004 /* 10.jpg */; };
		CCC6E0C41A15ACAC0036F2E6 /* DatePickerTableViewController.m in Sources */ = {isa = PBXBuildFile; fileRef = CCC6E0C31A15ACAC0036F2E6 /* DatePickerTableViewController.m */; };
		CCC6E0C61A15C3B60036F2E6 /* 27.jpg in Resources */ = {isa = PBXBuildFile; fileRef = CCC6E0C51A15C3B60036F2E6 /* 27.jpg */; };
		CCC6E0C81A15C44F0036F2E6 /* datePicker.jpg in Resources */ = {isa = PBXBuildFile; fileRef = CCC6E0C71A15C44F0036F2E6 /* datePicker.jpg */; };
		CCC6E0CA1A1621A80036F2E6 /* city.plist in Resources */ = {isa = PBXBuildFile; fileRef = CCC6E0C91A1621A80036F2E6 /* city.plist */; };
		CCC6E0CD1A1621C80036F2E6 /* PickerViewController.m in Sources */ = {isa = PBXBuildFile; fileRef = CCC6E0CC1A1621C80036F2E6 /* PickerViewController.m */; };
		CCC6E0CF1A1624120036F2E6 /* 9.jpg in Resources */ = {isa = PBXBuildFile; fileRef = CCC6E0CE1A1624120036F2E6 /* 9.jpg */; };
		CCD06ED91A12FA5000E596E9 /* smile@2x.png in Resources */ = {isa = PBXBuildFile; fileRef = CCD06ED71A12FA5000E596E9 /* smile@2x.png */; };
		CCD06EDA1A12FA5000E596E9 /* smile_gray@2x.png in Resources */ = {isa = PBXBuildFile; fileRef = CCD06ED81A12FA5000E596E9 /* smile_gray@2x.png */; };
		CCD06EDD1A12FB8000E596E9 /* btn_background@2x.png in Resources */ = {isa = PBXBuildFile; fileRef = CCD06EDB1A12FB8000E596E9 /* btn_background@2x.png */; };
		CCD06EDE1A12FB8000E596E9 /* btn_background_pressed@2x.png in Resources */ = {isa = PBXBuildFile; fileRef = CCD06EDC1A12FB8000E596E9 /* btn_background_pressed@2x.png */; };
		CCD06EE21A13234700E596E9 /* cellColor.png in Resources */ = {isa = PBXBuildFile; fileRef = CCD06EE11A13234700E596E9 /* cellColor.png */; };
		CCD06EE61A1359FB00E596E9 /* 7.png in Resources */ = {isa = PBXBuildFile; fileRef = CCD06EE51A1359FB00E596E9 /* 7.png */; };
		CCD06F051A1390A200E596E9 /* imageView.plist in Resources */ = {isa = PBXBuildFile; fileRef = CCD06F041A1390A200E596E9 /* imageView.plist */; };
		CCD06F141A1399BB00E596E9 /* 51.jpg in Resources */ = {isa = PBXBuildFile; fileRef = CCD06F061A1399BB00E596E9 /* 51.jpg */; };
		CCD06F151A1399BB00E596E9 /* 52.jpg in Resources */ = {isa = PBXBuildFile; fileRef = CCD06F071A1399BB00E596E9 /* 52.jpg */; };
		CCD06F161A1399BB00E596E9 /* 53.jpg in Resources */ = {isa = PBXBuildFile; fileRef = CCD06F081A1399BB00E596E9 /* 53.jpg */; };
		CCD06F171A1399BB00E596E9 /* 54.jpg in Resources */ = {isa = PBXBuildFile; fileRef = CCD06F091A1399BB00E596E9 /* 54.jpg */; };
		CCD06F181A1399BB00E596E9 /* 55.jpg in Resources */ = {isa = PBXBuildFile; fileRef = CCD06F0A1A1399BB00E596E9 /* 55.jpg */; };
		CCD06F191A1399BB00E596E9 /* 56.jpg in Resources */ = {isa = PBXBuildFile; fileRef = CCD06F0B1A1399BB00E596E9 /* 56.jpg */; };
		CCD06F1A1A1399BB00E596E9 /* 64.jpg in Resources */ = {isa = PBXBuildFile; fileRef = CCD06F0C1A1399BB00E596E9 /* 64.jpg */; };
		CCD06F1B1A1399BB00E596E9 /* 63.jpg in Resources */ = {isa = PBXBuildFile; fileRef = CCD06F0D1A1399BB00E596E9 /* 63.jpg */; };
		CCD06F1C1A1399BB00E596E9 /* 62.jpg in Resources */ = {isa = PBXBuildFile; fileRef = CCD06F0E1A1399BB00E596E9 /* 62.jpg */; };
		CCD06F1D1A1399BB00E596E9 /* 61.jpg in Resources */ = {isa = PBXBuildFile; fileRef = CCD06F0F1A1399BB00E596E9 /* 61.jpg */; };
		CCD06F1E1A1399BB00E596E9 /* 60.jpg in Resources */ = {isa = PBXBuildFile; fileRef = CCD06F101A1399BB00E596E9 /* 60.jpg */; };
		CCD06F1F1A1399BB00E596E9 /* 59.jpg in Resources */ = {isa = PBXBuildFile; fileRef = CCD06F111A1399BB00E596E9 /* 59.jpg */; };
		CCD06F201A1399BB00E596E9 /* 58.jpg in Resources */ = {isa = PBXBuildFile; fileRef = CCD06F121A1399BB00E596E9 /* 58.jpg */; };
		CCD06F211A1399BB00E596E9 /* 57.jpg in Resources */ = {isa = PBXBuildFile; fileRef = CCD06F131A1399BB00E596E9 /* 57.jpg */; };
		CCD06F2B1A139C4B00E596E9 /* 4.jpg in Resources */ = {isa = PBXBuildFile; fileRef = CCD06F241A139C4B00E596E9 /* 4.jpg */; };
		CCD06F2C1A139C4B00E596E9 /* 3.jpg in Resources */ = {isa = PBXBuildFile; fileRef = CCD06F251A139C4B00E596E9 /* 3.jpg */; };
		CCD06F2D1A139C4B00E596E9 /* 1.jpg in Resources */ = {isa = PBXBuildFile; fileRef = CCD06F261A139C4B00E596E9 /* 1.jpg */; };
		CCD06F2E1A139C4B00E596E9 /* 0.jpg in Resources */ = {isa = PBXBuildFile; fileRef = CCD06F271A139C4B00E596E9 /* 0.jpg */; };
		CCD06F2F1A139C4B00E596E9 /* 6.jpg in Resources */ = {isa = PBXBuildFile; fileRef = CCD06F281A139C4B00E596E9 /* 6.jpg */; };
		CCD06F301A139C4B00E596E9 /* 2.jpg in Resources */ = {isa = PBXBuildFile; fileRef = CCD06F291A139C4B00E596E9 /* 2.jpg */; };
		CCD06F311A139C4B00E596E9 /* 5.jpg in Resources */ = {isa = PBXBuildFile; fileRef = CCD06F2A1A139C4B00E596E9 /* 5.jpg */; };
		CCD06F331A139DDB00E596E9 /* 8.png in Resources */ = {isa = PBXBuildFile; fileRef = CCD06F321A139DDB00E596E9 /* 8.png */; };
		CCD06F351A13A03A00E596E9 /* mainVc.jpg in Resources */ = {isa = PBXBuildFile; fileRef = CCD06F341A13A03A00E596E9 /* mainVc.jpg */; };
		CCD06F371A13A15D00E596E9 /* QYVc.jpg in Resources */ = {isa = PBXBuildFile; fileRef = CCD06F361A13A15D00E596E9 /* QYVc.jpg */; };
		CCD06F3B1A13A23200E596E9 /* 9.png in Resources */ = {isa = PBXBuildFile; fileRef = CCD06F3A1A13A23200E596E9 /* 9.png */; };
		CCD06F411A13AA2B00E596E9 /* 21.jpg in Resources */ = {isa = PBXBuildFile; fileRef = CCD06F3C1A13AA2B00E596E9 /* 21.jpg */; };
		CCD06F421A13AA2B00E596E9 /* 22.jpg in Resources */ = {isa = PBXBuildFile; fileRef = CCD06F3D1A13AA2B00E596E9 /* 22.jpg */; };
		CCD06F431A13AA2B00E596E9 /* 23.jpg in Resources */ = {isa = PBXBuildFile; fileRef = CCD06F3E1A13AA2B00E596E9 /* 23.jpg */; };
		CCD06F441A13AA2B00E596E9 /* 24.jpg in Resources */ = {isa = PBXBuildFile; fileRef = CCD06F3F1A13AA2B00E596E9 /* 24.jpg */; };
		CCD06F451A13AA2B00E596E9 /* 25.jpg in Resources */ = {isa = PBXBuildFile; fileRef = CCD06F401A13AA2B00E596E9 /* 25.jpg */; };
		CCD06F471A13AA9E00E596E9 /* 26.jpg in Resources */ = {isa = PBXBuildFile; fileRef = CCD06F461A13AA9E00E596E9 /* 26.jpg */; };
/* End PBXBuildFile section */

/* Begin PBXContainerItemProxy section */
		CC4C14581A11BEBC002BC62F /* PBXContainerItemProxy */ = {
			isa = PBXContainerItemProxy;
			containerPortal = CC4C14301A11BEBC002BC62F /* Project object */;
			proxyType = 1;
			remoteGlobalIDString = CC4C14371A11BEBC002BC62F;
			remoteInfo = UICatalog;
		};
/* End PBXContainerItemProxy section */

/* Begin PBXFileReference section */
		CC2BA05E1A16F1B400D6A4CA /* QYViewController.h */ = {isa = PBXFileReference; fileEncoding = 4; lastKnownFileType = sourcecode.c.h; path = QYViewController.h; sourceTree = "<group>"; };
		CC2BA05F1A16F1B400D6A4CA /* QYViewController.m */ = {isa = PBXFileReference; fileEncoding = 4; lastKnownFileType = sourcecode.c.objc; path = QYViewController.m; sourceTree = "<group>"; };
		CC2BA0691A16F64800D6A4CA /* other@2x.png */ = {isa = PBXFileReference; lastKnownFileType = image.png; path = "other@2x.png"; sourceTree = "<group>"; };
		CC2BA06A1A16F64800D6A4CA /* other_highlighted@2x.png */ = {isa = PBXFileReference; lastKnownFileType = image.png; path = "other_highlighted@2x.png"; sourceTree = "<group>"; };
		CC2BA06D1A16F6BD00D6A4CA /* UICatdlog_highlighted@2x.png */ = {isa = PBXFileReference; lastKnownFileType = image.png; path = "UICatdlog_highlighted@2x.png"; sourceTree = "<group>"; };
		CC2BA06E1A16F6BD00D6A4CA /* UICatalog@2x.png */ = {isa = PBXFileReference; lastKnownFileType = image.png; path = "UICatalog@2x.png"; sourceTree = "<group>"; };
		CC2BA0751A16FA2D00D6A4CA /* others_highlighted@2x.png */ = {isa = PBXFileReference; lastKnownFileType = image.png; path = "others_highlighted@2x.png"; sourceTree = "<group>"; };
		CC2BA0761A16FA2D00D6A4CA /* others@2x.png */ = {isa = PBXFileReference; lastKnownFileType = image.png; path = "others@2x.png"; sourceTree = "<group>"; };
		CC2BA0791A16FA7400D6A4CA /* tab_contact_highlighted@2x.png */ = {isa = PBXFileReference; lastKnownFileType = image.png; path = "tab_contact_highlighted@2x.png"; sourceTree = "<group>"; };
		CC2BA07A1A16FA7400D6A4CA /* tab_contact@2x.png */ = {isa = PBXFileReference; lastKnownFileType = image.png; path = "tab_contact@2x.png"; sourceTree = "<group>"; };
		CC2BA07D1A16FBB800D6A4CA /* Viewcontroller.jpg */ = {isa = PBXFileReference; lastKnownFileType = image.jpeg; path = Viewcontroller.jpg; sourceTree = "<group>"; };
		CC2BA07F1A16FBE100D6A4CA /* addressBook.jpg */ = {isa = PBXFileReference; lastKnownFileType = image.jpeg; path = addressBook.jpg; sourceTree = "<group>"; };
		CC2BA0811A16FC8700D6A4CA /* ContactsTableViewController.h */ = {isa = PBXFileReference; fileEncoding = 4; lastKnownFileType = sourcecode.c.h; path = ContactsTableViewController.h; sourceTree = "<group>"; };
		CC2BA0821A16FC8700D6A4CA /* ContactsTableViewController.m */ = {isa = PBXFileReference; fileEncoding = 4; lastKnownFileType = sourcecode.c.objc; path = ContactsTableViewController.m; sourceTree = "<group>"; };
		CC2BA0841A16FE4700D6A4CA /* contacter.plist */ = {isa = PBXFileReference; fileEncoding = 4; lastKnownFileType = text.plist.xml; path = contacter.plist; sourceTree = "<group>"; };
		CC2BA0941A1707A100D6A4CA /* QYChild.h */ = {isa = PBXFileReference; fileEncoding = 4; lastKnownFileType = sourcecode.c.h; path = QYChild.h; sourceTree = "<group>"; };
		CC2BA0951A1707A100D6A4CA /* QYChild.m */ = {isa = PBXFileReference; fileEncoding = 4; lastKnownFileType = sourcecode.c.objc; path = QYChild.m; sourceTree = "<group>"; };
		CC2BA09C1A171F3000D6A4CA /* angel.jpg */ = {isa = PBXFileReference; lastKnownFileType = image.jpeg; path = angel.jpg; sourceTree = "<group>"; };
		CC2BA09E1A171F3F00D6A4CA /* jiejie.jpg */ = {isa = PBXFileReference; lastKnownFileType = image.jpeg; path = jiejie.jpg; sourceTree = "<group>"; };
		CC2BA09F1A171F3F00D6A4CA /* duoduo.jpg */ = {isa = PBXFileReference; lastKnownFileType = image.jpeg; path = duoduo.jpg; sourceTree = "<group>"; };
		CC2BA0A11A171F3F00D6A4CA /* tiantian.jpg */ = {isa = PBXFileReference; lastKnownFileType = image.jpeg; path = tiantian.jpg; sourceTree = "<group>"; };
		CC2BA0A21A171F3F00D6A4CA /* kimi.jpg */ = {isa = PBXFileReference; lastKnownFileType = image.jpeg; path = kimi.jpg; sourceTree = "<group>"; };
		CC2BA0A81A171FE400D6A4CA /* yangyang.jpg */ = {isa = PBXFileReference; lastKnownFileType = image.jpeg; path = yangyang.jpg; sourceTree = "<group>"; };
		CC2BA0AA1A17203C00D6A4CA /* shitou.jpg */ = {isa = PBXFileReference; lastKnownFileType = image.jpeg; path = shitou.jpg; sourceTree = "<group>"; };
		CC2BA0AC1A17214C00D6A4CA /* beier.jpg */ = {isa = PBXFileReference; lastKnownFileType = image.jpeg; path = beier.jpg; sourceTree = "<group>"; };
		CC2BA0B01A17249500D6A4CA /* feyman.jpg */ = {isa = PBXFileReference; lastKnownFileType = image.jpeg; path = feyman.jpg; sourceTree = "<group>"; };
		CC2BA0B21A1724D100D6A4CA /* cindy.jpg */ = {isa = PBXFileReference; lastKnownFileType = image.jpeg; path = cindy.jpg; sourceTree = "<group>"; };
		CC2BA0B41A17254600D6A4CA /* joe.jpg */ = {isa = PBXFileReference; lastKnownFileType = image.jpeg; path = joe.jpg; sourceTree = "<group>"; };
		CC2BA0B61A172BCC00D6A4CA /* tabBarSystemItem.plist */ = {isa = PBXFileReference; fileEncoding = 4; lastKnownFileType = text.plist.xml; path = tabBarSystemItem.plist; sourceTree = "<group>"; };
		CC2BA0B81A1737AB00D6A4CA /* tabBarItem.png */ = {isa = PBXFileReference; lastKnownFileType = image.png; path = tabBarItem.png; sourceTree = "<group>"; };
		CC2BA0BA1A17382200D6A4CA /* tabBarItem2.png */ = {isa = PBXFileReference; lastKnownFileType = image.png; path = tabBarItem2.png; sourceTree = "<group>"; };
		CC2BA0BC1A173AFE00D6A4CA /* hideTabBar@2x.png */ = {isa = PBXFileReference; lastKnownFileType = image.png; path = "hideTabBar@2x.png"; sourceTree = "<group>"; };
		CC2BA0BE1A173BC000D6A4CA /* showTabBar@2x.png */ = {isa = PBXFileReference; lastKnownFileType = image.png; path = "showTabBar@2x.png"; sourceTree = "<group>"; };
		CC2BA0C01A17602D00D6A4CA /* bookmarkImage.png */ = {isa = PBXFileReference; lastKnownFileType = image.png; path = bookmarkImage.png; sourceTree = "<group>"; };
		CC2BA0C11A17602D00D6A4CA /* bookmarkImageHighlighted.png */ = {isa = PBXFileReference; lastKnownFileType = image.png; path = bookmarkImageHighlighted.png; sourceTree = "<group>"; };
		CC2BA0C41A176B4B00D6A4CA /* cellBtn_highlighted@2x.png */ = {isa = PBXFileReference; lastKnownFileType = image.png; path = "cellBtn_highlighted@2x.png"; sourceTree = "<group>"; };
		CC2BA0C51A176B4B00D6A4CA /* cellBtn@2x.png */ = {isa = PBXFileReference; lastKnownFileType = image.png; path = "cellBtn@2x.png"; sourceTree = "<group>"; };
		CC2BA0C81A176E9D00D6A4CA /* TransitionViewController.h */ = {isa = PBXFileReference; fileEncoding = 4; lastKnownFileType = sourcecode.c.h; path = TransitionViewController.h; sourceTree = "<group>"; };
		CC2BA0C91A176E9D00D6A4CA /* TransitionViewController.m */ = {isa = PBXFileReference; fileEncoding = 4; lastKnownFileType = sourcecode.c.objc; path = TransitionViewController.m; sourceTree = "<group>"; };
		CC2BA0CB1A176F8A00D6A4CA /* push_highlighted@2x.png */ = {isa = PBXFileReference; lastKnownFileType = image.png; path = "push_highlighted@2x.png"; sourceTree = "<group>"; };
		CC2BA0CC1A176F8A00D6A4CA /* push@2x.png */ = {isa = PBXFileReference; lastKnownFileType = image.png; path = "push@2x.png"; sourceTree = "<group>"; };
		CC372B2B1A144AE300B499FE /* UIActivityTableViewController.h */ = {isa = PBXFileReference; fileEncoding = 4; lastKnownFileType = sourcecode.c.h; path = UIActivityTableViewController.h; sourceTree = "<group>"; };
		CC372B2C1A144AE300B499FE /* UIActivityTableViewController.m */ = {isa = PBXFileReference; fileEncoding = 4; lastKnownFileType = sourcecode.c.objc; path = UIActivityTableViewController.m; sourceTree = "<group>"; };
		CC372B2E1A144BCA00B499FE /* 10.png */ = {isa = PBXFileReference; lastKnownFileType = image.png; path = 10.png; sourceTree = "<group>"; };
		CC372B301A1454F700B499FE /* SwitchTableViewController.h */ = {isa = PBXFileReference; fileEncoding = 4; lastKnownFileType = sourcecode.c.h; path = SwitchTableViewController.h; sourceTree = "<group>"; };
		CC372B311A1454F700B499FE /* SwitchTableViewController.m */ = {isa = PBXFileReference; fileEncoding = 4; lastKnownFileType = sourcecode.c.objc; path = SwitchTableViewController.m; sourceTree = "<group>"; };
		CC372B331A14727200B499FE /* whiteButton.png */ = {isa = PBXFileReference; lastKnownFileType = image.png; path = whiteButton.png; sourceTree = "<group>"; };
		CC372B351A14756300B499FE /* switch.png */ = {isa = PBXFileReference; lastKnownFileType = image.png; path = switch.png; sourceTree = "<group>"; };
		CC372B811A1493DD00B499FE /* orangeslide.png */ = {isa = PBXFileReference; lastKnownFileType = image.png; path = orangeslide.png; sourceTree = "<group>"; };
		CC372B831A1493E700B499FE /* slider_ball.png */ = {isa = PBXFileReference; lastKnownFileType = image.png; path = slider_ball.png; sourceTree = "<group>"; };
		CC372B851A14994F00B499FE /* yellowslide.png */ = {isa = PBXFileReference; lastKnownFileType = image.png; path = yellowslide.png; sourceTree = "<group>"; };
		CC372B891A14C95000B499FE /* segmentedBackground.png */ = {isa = PBXFileReference; lastKnownFileType = image.png; path = segmentedBackground.png; sourceTree = "<group>"; };
		CC4C14381A11BEBC002BC62F /* UICatalog.app */ = {isa = PBXFileReference; explicitFileType = wrapper.application; includeInIndex = 0; path = UICatalog.app; sourceTree = BUILT_PRODUCTS_DIR; };
		CC4C143B1A11BEBC002BC62F /* Foundation.framework */ = {isa = PBXFileReference; lastKnownFileType = wrapper.framework; name = Foundation.framework; path = System/Library/Frameworks/Foundation.framework; sourceTree = SDKROOT; };
		CC4C143D1A11BEBC002BC62F /* CoreGraphics.framework */ = {isa = PBXFileReference; lastKnownFileType = wrapper.framework; name = CoreGraphics.framework; path = System/Library/Frameworks/CoreGraphics.framework; sourceTree = SDKROOT; };
		CC4C143F1A11BEBC002BC62F /* UIKit.framework */ = {isa = PBXFileReference; lastKnownFileType = wrapper.framework; name = UIKit.framework; path = System/Library/Frameworks/UIKit.framework; sourceTree = SDKROOT; };
		CC4C14431A11BEBC002BC62F /* UICatalog-Info.plist */ = {isa = PBXFileReference; lastKnownFileType = text.plist.xml; path = "UICatalog-Info.plist"; sourceTree = "<group>"; };
		CC4C14451A11BEBC002BC62F /* en */ = {isa = PBXFileReference; lastKnownFileType = text.plist.strings; name = en; path = en.lproj/InfoPlist.strings; sourceTree = "<group>"; };
		CC4C14471A11BEBC002BC62F /* main.m */ = {isa = PBXFileReference; lastKnownFileType = sourcecode.c.objc; path = main.m; sourceTree = "<group>"; };
		CC4C14491A11BEBC002BC62F /* UICatalog-Prefix.pch */ = {isa = PBXFileReference; lastKnownFileType = sourcecode.c.h; path = "UICatalog-Prefix.pch"; sourceTree = "<group>"; };
		CC4C144A1A11BEBC002BC62F /* QYAppDelegate.h */ = {isa = PBXFileReference; lastKnownFileType = sourcecode.c.h; path = QYAppDelegate.h; sourceTree = "<group>"; };
		CC4C144B1A11BEBC002BC62F /* QYAppDelegate.m */ = {isa = PBXFileReference; lastKnownFileType = sourcecode.c.objc; path = QYAppDelegate.m; sourceTree = "<group>"; };
		CC4C144D1A11BEBC002BC62F /* Images.xcassets */ = {isa = PBXFileReference; lastKnownFileType = folder.assetcatalog; path = Images.xcassets; sourceTree = "<group>"; };
		CC4C14531A11BEBC002BC62F /* UICatalogTests.xctest */ = {isa = PBXFileReference; explicitFileType = wrapper.cfbundle; includeInIndex = 0; path = UICatalogTests.xctest; sourceTree = BUILT_PRODUCTS_DIR; };
		CC4C14541A11BEBC002BC62F /* XCTest.framework */ = {isa = PBXFileReference; lastKnownFileType = wrapper.framework; name = XCTest.framework; path = Library/Frameworks/XCTest.framework; sourceTree = DEVELOPER_DIR; };
		CC4C145C1A11BEBC002BC62F /* UICatalogTests-Info.plist */ = {isa = PBXFileReference; lastKnownFileType = text.plist.xml; path = "UICatalogTests-Info.plist"; sourceTree = "<group>"; };
		CC4C145E1A11BEBC002BC62F /* en */ = {isa = PBXFileReference; lastKnownFileType = text.plist.strings; name = en; path = en.lproj/InfoPlist.strings; sourceTree = "<group>"; };
		CC4C14601A11BEBC002BC62F /* UICatalogTests.m */ = {isa = PBXFileReference; lastKnownFileType = sourcecode.c.objc; path = UICatalogTests.m; sourceTree = "<group>"; };
		CC4C14701A11CD51002BC62F /* QYTableViewController.h */ = {isa = PBXFileReference; fileEncoding = 4; lastKnownFileType = sourcecode.c.h; name = QYTableViewController.h; path = ../QYTableViewController.h; sourceTree = "<group>"; };
		CC4C14711A11CD51002BC62F /* QYTableViewController.m */ = {isa = PBXFileReference; fileEncoding = 4; lastKnownFileType = sourcecode.c.objc; name = QYTableViewController.m; path = ../QYTableViewController.m; sourceTree = "<group>"; };
		CC4C14791A11D31D002BC62F /* catalog.plist */ = {isa = PBXFileReference; fileEncoding = 4; lastKnownFileType = text.plist.xml; path = catalog.plist; sourceTree = "<group>"; };
		CC4C147B1A11D5E9002BC62F /* controls.plist */ = {isa = PBXFileReference; fileEncoding = 4; lastKnownFileType = text.plist.xml; path = controls.plist; sourceTree = "<group>"; };
		CC4C147E1A11D637002BC62F /* QYMainViewController.h */ = {isa = PBXFileReference; fileEncoding = 4; lastKnownFileType = sourcecode.c.h; path = QYMainViewController.h; sourceTree = "<group>"; };
		CC4C147F1A11D637002BC62F /* QYMainViewController.m */ = {isa = PBXFileReference; fileEncoding = 4; lastKnownFileType = sourcecode.c.objc; path = QYMainViewController.m; sourceTree = "<group>"; };
		CC4C14811A11DB8D002BC62F /* LabelTableViewController.h */ = {isa = PBXFileReference; fileEncoding = 4; lastKnownFileType = sourcecode.c.h; path = LabelTableViewController.h; sourceTree = "<group>"; };
		CC4C14821A11DB8D002BC62F /* LabelTableViewController.m */ = {isa = PBXFileReference; fileEncoding = 4; lastKnownFileType = sourcecode.c.objc; path = LabelTableViewController.m; sourceTree = "<group>"; };
		CC4C148A1A11DBD8002BC62F /* ImageViewTableViewController.h */ = {isa = PBXFileReference; fileEncoding = 4; lastKnownFileType = sourcecode.c.h; path = ImageViewTableViewController.h; sourceTree = "<group>"; };
		CC4C148B1A11DBD8002BC62F /* ImageViewTableViewController.m */ = {isa = PBXFileReference; fileEncoding = 4; lastKnownFileType = sourcecode.c.objc; path = ImageViewTableViewController.m; sourceTree = "<group>"; };
		CC4C148E1A11E703002BC62F /* ButtonTableViewController.h */ = {isa = PBXFileReference; fileEncoding = 4; lastKnownFileType = sourcecode.c.h; path = ButtonTableViewController.h; sourceTree = "<group>"; };
		CC4C148F1A11E703002BC62F /* ButtonTableViewController.m */ = {isa = PBXFileReference; fileEncoding = 4; lastKnownFileType = sourcecode.c.objc; path = ButtonTableViewController.m; sourceTree = "<group>"; };
		CC4C14911A11E70F002BC62F /* SliderTableViewController.h */ = {isa = PBXFileReference; fileEncoding = 4; lastKnownFileType = sourcecode.c.h; path = SliderTableViewController.h; sourceTree = "<group>"; };
		CC4C14921A11E70F002BC62F /* SliderTableViewController.m */ = {isa = PBXFileReference; fileEncoding = 4; lastKnownFileType = sourcecode.c.objc; path = SliderTableViewController.m; sourceTree = "<group>"; };
		CC4C14941A11E720002BC62F /* PageControlTableViewController.h */ = {isa = PBXFileReference; fileEncoding = 4; lastKnownFileType = sourcecode.c.h; path = PageControlTableViewController.h; sourceTree = "<group>"; };
		CC4C14951A11E720002BC62F /* PageControlTableViewController.m */ = {isa = PBXFileReference; fileEncoding = 4; lastKnownFileType = sourcecode.c.objc; path = PageControlTableViewController.m; sourceTree = "<group>"; };
		CC4C14971A11E738002BC62F /* SegmentedControlTableViewController.h */ = {isa = PBXFileReference; fileEncoding = 4; lastKnownFileType = sourcecode.c.h; path = SegmentedControlTableViewController.h; sourceTree = "<group>"; };
		CC4C14981A11E738002BC62F /* SegmentedControlTableViewController.m */ = {isa = PBXFileReference; fileEncoding = 4; lastKnownFileType = sourcecode.c.objc; path = SegmentedControlTableViewController.m; sourceTree = "<group>"; };
		CC4C14AD1A11F0EA002BC62F /* ColorTableViewController.h */ = {isa = PBXFileReference; fileEncoding = 4; lastKnownFileType = sourcecode.c.h; path = ColorTableViewController.h; sourceTree = "<group>"; };
		CC4C14AE1A11F0EA002BC62F /* ColorTableViewController.m */ = {isa = PBXFileReference; fileEncoding = 4; lastKnownFileType = sourcecode.c.objc; path = ColorTableViewController.m; sourceTree = "<group>"; };
		CC4C14B01A11F0F5002BC62F /* FontTableViewController.h */ = {isa = PBXFileReference; fileEncoding = 4; lastKnownFileType = sourcecode.c.h; path = FontTableViewController.h; sourceTree = "<group>"; };
		CC4C14B11A11F0F5002BC62F /* FontTableViewController.m */ = {isa = PBXFileReference; fileEncoding = 4; lastKnownFileType = sourcecode.c.objc; path = FontTableViewController.m; sourceTree = "<group>"; };
		CC4C14B31A11F101002BC62F /* AlertTableViewController.h */ = {isa = PBXFileReference; fileEncoding = 4; lastKnownFileType = sourcecode.c.h; path = AlertTableViewController.h; sourceTree = "<group>"; };
		CC4C14B41A11F101002BC62F /* AlertTableViewController.m */ = {isa = PBXFileReference; fileEncoding = 4; lastKnownFileType = sourcecode.c.objc; path = AlertTableViewController.m; sourceTree = "<group>"; };
		CC4C14B61A11F10D002BC62F /* ActionSheetTableViewController.h */ = {isa = PBXFileReference; fileEncoding = 4; lastKnownFileType = sourcecode.c.h; path = ActionSheetTableViewController.h; sourceTree = "<group>"; };
		CC4C14B71A11F10D002BC62F /* ActionSheetTableViewController.m */ = {isa = PBXFileReference; fileEncoding = 4; lastKnownFileType = sourcecode.c.objc; path = ActionSheetTableViewController.m; sourceTree = "<group>"; };
		CC4C14B91A11FAEA002BC62F /* TextFieldTableViewController.h */ = {isa = PBXFileReference; fileEncoding = 4; lastKnownFileType = sourcecode.c.h; path = TextFieldTableViewController.h; sourceTree = "<group>"; };
		CC4C14BA1A11FAEA002BC62F /* TextFieldTableViewController.m */ = {isa = PBXFileReference; fileEncoding = 4; lastKnownFileType = sourcecode.c.objc; path = TextFieldTableViewController.m; sourceTree = "<group>"; };
		CC4C14BF1A11FC5F002BC62F /* 1.png */ = {isa = PBXFileReference; lastKnownFileType = image.png; path = 1.png; sourceTree = "<group>"; };
		CC4C14C11A11FC78002BC62F /* 2.png */ = {isa = PBXFileReference; lastKnownFileType = image.png; path = 2.png; sourceTree = "<group>"; };
		CC4C14C31A11FD4C002BC62F /* 0.png */ = {isa = PBXFileReference; lastKnownFileType = image.png; path = 0.png; sourceTree = "<group>"; };
		CC4C14C51A11FD58002BC62F /* 3.png */ = {isa = PBXFileReference; lastKnownFileType = image.png; path = 3.png; sourceTree = "<group>"; };
		CC4C14C61A11FD58002BC62F /* 6.png */ = {isa = PBXFileReference; lastKnownFileType = image.png; path = 6.png; sourceTree = "<group>"; };
		CC4C14C71A11FD58002BC62F /* 4.png */ = {isa = PBXFileReference; lastKnownFileType = image.png; path = 4.png; sourceTree = "<group>"; };
		CC4C14C81A11FD58002BC62F /* 5.png */ = {isa = PBXFileReference; lastKnownFileType = image.png; path = 5.png; sourceTree = "<group>"; };
		CCBB0B001A162C08001F1004 /* SearchBarViewController.h */ = {isa = PBXFileReference; fileEncoding = 4; lastKnownFileType = sourcecode.c.h; path = SearchBarViewController.h; sourceTree = "<group>"; };
		CCBB0B011A162C08001F1004 /* SearchBarViewController.m */ = {isa = PBXFileReference; fileEncoding = 4; lastKnownFileType = sourcecode.c.objc; path = SearchBarViewController.m; sourceTree = "<group>"; };
		CCBB0B031A162CB0001F1004 /* WebViewController.h */ = {isa = PBXFileReference; fileEncoding = 4; lastKnownFileType = sourcecode.c.h; path = WebViewController.h; sourceTree = "<group>"; };
		CCBB0B041A162CB0001F1004 /* WebViewController.m */ = {isa = PBXFileReference; fileEncoding = 4; lastKnownFileType = sourcecode.c.objc; path = WebViewController.m; sourceTree = "<group>"; };
		CCBB0B061A16353A001F1004 /* 11.png */ = {isa = PBXFileReference; lastKnownFileType = image.png; path = 11.png; sourceTree = "<group>"; };
		CCBB0B081A164147001F1004 /* 7.jpg */ = {isa = PBXFileReference; lastKnownFileType = image.jpeg; path = 7.jpg; sourceTree = "<group>"; };
		CCBB0B0A1A1642B9001F1004 /* 8.jpg */ = {isa = PBXFileReference; lastKnownFileType = image.jpeg; path = 8.jpg; sourceTree = "<group>"; };
		CCBB0B0B1A1642B9001F1004 /* 10.jpg */ = {isa = PBXFileReference; lastKnownFileType = image.jpeg; path = 10.jpg; sourceTree = "<group>"; };
		CCC6E0C21A15ACAC0036F2E6 /* DatePickerTableViewController.h */ = {isa = PBXFileReference; fileEncoding = 4; lastKnownFileType = sourcecode.c.h; path = DatePickerTableViewController.h; sourceTree = "<group>"; };
		CCC6E0C31A15ACAC0036F2E6 /* DatePickerTableViewController.m */ = {isa = PBXFileReference; fileEncoding = 4; lastKnownFileType = sourcecode.c.objc; path = DatePickerTableViewController.m; sourceTree = "<group>"; };
		CCC6E0C51A15C3B60036F2E6 /* 27.jpg */ = {isa = PBXFileReference; lastKnownFileType = image.jpeg; path = 27.jpg; sourceTree = "<group>"; };
		CCC6E0C71A15C44F0036F2E6 /* datePicker.jpg */ = {isa = PBXFileReference; lastKnownFileType = image.jpeg; path = datePicker.jpg; sourceTree = "<group>"; };
		CCC6E0C91A1621A80036F2E6 /* city.plist */ = {isa = PBXFileReference; fileEncoding = 4; lastKnownFileType = text.plist.xml; path = city.plist; sourceTree = "<group>"; };
		CCC6E0CB1A1621C80036F2E6 /* PickerViewController.h */ = {isa = PBXFileReference; fileEncoding = 4; lastKnownFileType = sourcecode.c.h; path = PickerViewController.h; sourceTree = "<group>"; };
		CCC6E0CC1A1621C80036F2E6 /* PickerViewController.m */ = {isa = PBXFileReference; fileEncoding = 4; lastKnownFileType = sourcecode.c.objc; path = PickerViewController.m; sourceTree = "<group>"; };
		CCC6E0CE1A1624120036F2E6 /* 9.jpg */ = {isa = PBXFileReference; lastKnownFileType = image.jpeg; path = 9.jpg; sourceTree = "<group>"; };
		CCD06ED71A12FA5000E596E9 /* smile@2x.png */ = {isa = PBXFileReference; lastKnownFileType = image.png; path = "smile@2x.png"; sourceTree = "<group>"; };
		CCD06ED81A12FA5000E596E9 /* smile_gray@2x.png */ = {isa = PBXFileReference; lastKnownFileType = image.png; path = "smile_gray@2x.png"; sourceTree = "<group>"; };
		CCD06EDB1A12FB8000E596E9 /* btn_background@2x.png */ = {isa = PBXFileReference; lastKnownFileType = image.png; path = "btn_background@2x.png"; sourceTree = "<group>"; };
		CCD06EDC1A12FB8000E596E9 /* btn_background_pressed@2x.png */ = {isa = PBXFileReference; lastKnownFileType = image.png; path = "btn_background_pressed@2x.png"; sourceTree = "<group>"; };
		CCD06EE11A13234700E596E9 /* cellColor.png */ = {isa = PBXFileReference; lastKnownFileType = image.png; path = cellColor.png; sourceTree = "<group>"; };
		CCD06EE51A1359FB00E596E9 /* 7.png */ = {isa = PBXFileReference; lastKnownFileType = image.png; path = 7.png; sourceTree = "<group>"; };
		CCD06F041A1390A200E596E9 /* imageView.plist */ = {isa = PBXFileReference; fileEncoding = 4; lastKnownFileType = text.plist.xml; path = imageView.plist; sourceTree = "<group>"; };
		CCD06F061A1399BB00E596E9 /* 51.jpg */ = {isa = PBXFileReference; lastKnownFileType = image.jpeg; path = 51.jpg; sourceTree = "<group>"; };
		CCD06F071A1399BB00E596E9 /* 52.jpg */ = {isa = PBXFileReference; lastKnownFileType = image.jpeg; path = 52.jpg; sourceTree = "<group>"; };
		CCD06F081A1399BB00E596E9 /* 53.jpg */ = {isa = PBXFileReference; lastKnownFileType = image.jpeg; path = 53.jpg; sourceTree = "<group>"; };
		CCD06F091A1399BB00E596E9 /* 54.jpg */ = {isa = PBXFileReference; lastKnownFileType = image.jpeg; path = 54.jpg; sourceTree = "<group>"; };
		CCD06F0A1A1399BB00E596E9 /* 55.jpg */ = {isa = PBXFileReference; lastKnownFileType = image.jpeg; path = 55.jpg; sourceTree = "<group>"; };
		CCD06F0B1A1399BB00E596E9 /* 56.jpg */ = {isa = PBXFileReference; lastKnownFileType = image.jpeg; path = 56.jpg; sourceTree = "<group>"; };
		CCD06F0C1A1399BB00E596E9 /* 64.jpg */ = {isa = PBXFileReference; lastKnownFileType = image.jpeg; path = 64.jpg; sourceTree = "<group>"; };
		CCD06F0D1A1399BB00E596E9 /* 63.jpg */ = {isa = PBXFileReference; lastKnownFileType = image.jpeg; path = 63.jpg; sourceTree = "<group>"; };
		CCD06F0E1A1399BB00E596E9 /* 62.jpg */ = {isa = PBXFileReference; lastKnownFileType = image.jpeg; path = 62.jpg; sourceTree = "<group>"; };
		CCD06F0F1A1399BB00E596E9 /* 61.jpg */ = {isa = PBXFileReference; lastKnownFileType = image.jpeg; path = 61.jpg; sourceTree = "<group>"; };
		CCD06F101A1399BB00E596E9 /* 60.jpg */ = {isa = PBXFileReference; lastKnownFileType = image.jpeg; path = 60.jpg; sourceTree = "<group>"; };
		CCD06F111A1399BB00E596E9 /* 59.jpg */ = {isa = PBXFileReference; lastKnownFileType = image.jpeg; path = 59.jpg; sourceTree = "<group>"; };
		CCD06F121A1399BB00E596E9 /* 58.jpg */ = {isa = PBXFileReference; lastKnownFileType = image.jpeg; path = 58.jpg; sourceTree = "<group>"; };
		CCD06F131A1399BB00E596E9 /* 57.jpg */ = {isa = PBXFileReference; lastKnownFileType = image.jpeg; path = 57.jpg; sourceTree = "<group>"; };
		CCD06F241A139C4B00E596E9 /* 4.jpg */ = {isa = PBXFileReference; lastKnownFileType = image.jpeg; path = 4.jpg; sourceTree = "<group>"; };
		CCD06F251A139C4B00E596E9 /* 3.jpg */ = {isa = PBXFileReference; lastKnownFileType = image.jpeg; path = 3.jpg; sourceTree = "<group>"; };
		CCD06F261A139C4B00E596E9 /* 1.jpg */ = {isa = PBXFileReference; lastKnownFileType = image.jpeg; path = 1.jpg; sourceTree = "<group>"; };
		CCD06F271A139C4B00E596E9 /* 0.jpg */ = {isa = PBXFileReference; lastKnownFileType = image.jpeg; path = 0.jpg; sourceTree = "<group>"; };
		CCD06F281A139C4B00E596E9 /* 6.jpg */ = {isa = PBXFileReference; lastKnownFileType = image.jpeg; path = 6.jpg; sourceTree = "<group>"; };
		CCD06F291A139C4B00E596E9 /* 2.jpg */ = {isa = PBXFileReference; lastKnownFileType = image.jpeg; path = 2.jpg; sourceTree = "<group>"; };
		CCD06F2A1A139C4B00E596E9 /* 5.jpg */ = {isa = PBXFileReference; lastKnownFileType = image.jpeg; path = 5.jpg; sourceTree = "<group>"; };
		CCD06F321A139DDB00E596E9 /* 8.png */ = {isa = PBXFileReference; lastKnownFileType = image.png; path = 8.png; sourceTree = "<group>"; };
		CCD06F341A13A03A00E596E9 /* mainVc.jpg */ = {isa = PBXFileReference; lastKnownFileType = image.jpeg; path = mainVc.jpg; sourceTree = "<group>"; };
		CCD06F361A13A15D00E596E9 /* QYVc.jpg */ = {isa = PBXFileReference; lastKnownFileType = image.jpeg; path = QYVc.jpg; sourceTree = "<group>"; };
		CCD06F3A1A13A23200E596E9 /* 9.png */ = {isa = PBXFileReference; lastKnownFileType = image.png; path = 9.png; sourceTree = "<group>"; };
		CCD06F3C1A13AA2B00E596E9 /* 21.jpg */ = {isa = PBXFileReference; lastKnownFileType = image.jpeg; path = 21.jpg; sourceTree = "<group>"; };
		CCD06F3D1A13AA2B00E596E9 /* 22.jpg */ = {isa = PBXFileReference; lastKnownFileType = image.jpeg; path = 22.jpg; sourceTree = "<group>"; };
		CCD06F3E1A13AA2B00E596E9 /* 23.jpg */ = {isa = PBXFileReference; lastKnownFileType = image.jpeg; path = 23.jpg; sourceTree = "<group>"; };
		CCD06F3F1A13AA2B00E596E9 /* 24.jpg */ = {isa = PBXFileReference; lastKnownFileType = image.jpeg; path = 24.jpg; sourceTree = "<group>"; };
		CCD06F401A13AA2B00E596E9 /* 25.jpg */ = {isa = PBXFileReference; lastKnownFileType = image.jpeg; path = 25.jpg; sourceTree = "<group>"; };
		CCD06F461A13AA9E00E596E9 /* 26.jpg */ = {isa = PBXFileReference; lastKnownFileType = image.jpeg; path = 26.jpg; sourceTree = "<group>"; };
/* End PBXFileReference section */

/* Begin PBXFrameworksBuildPhase section */
		CC4C14351A11BEBC002BC62F /* Frameworks */ = {
			isa = PBXFrameworksBuildPhase;
			buildActionMask = 2147483647;
			files = (
				CC4C143E1A11BEBC002BC62F /* CoreGraphics.framework in Frameworks */,
				CC4C14401A11BEBC002BC62F /* UIKit.framework in Frameworks */,
				CC4C143C1A11BEBC002BC62F /* Foundation.framework in Frameworks */,
			);
			runOnlyForDeploymentPostprocessing = 0;
		};
		CC4C14501A11BEBC002BC62F /* Frameworks */ = {
			isa = PBXFrameworksBuildPhase;
			buildActionMask = 2147483647;
			files = (
				CC4C14551A11BEBC002BC62F /* XCTest.framework in Frameworks */,
				CC4C14571A11BEBC002BC62F /* UIKit.framework in Frameworks */,
				CC4C14561A11BEBC002BC62F /* Foundation.framework in Frameworks */,
			);
			runOnlyForDeploymentPostprocessing = 0;
		};
/* End PBXFrameworksBuildPhase section */

/* Begin PBXGroup section */
		CC2BA0641A16F5E800D6A4CA /* tabBarImages */ = {
			isa = PBXGroup;
			children = (
				CC2BA06D1A16F6BD00D6A4CA /* UICatdlog_highlighted@2x.png */,
				CC2BA06E1A16F6BD00D6A4CA /* UICatalog@2x.png */,
				CC2BA0791A16FA7400D6A4CA /* tab_contact_highlighted@2x.png */,
				CC2BA07A1A16FA7400D6A4CA /* tab_contact@2x.png */,
				CC2BA0751A16FA2D00D6A4CA /* others_highlighted@2x.png */,
				CC2BA0761A16FA2D00D6A4CA /* others@2x.png */,
				CC2BA06A1A16F64800D6A4CA /* other_highlighted@2x.png */,
				CC2BA0691A16F64800D6A4CA /* other@2x.png */,
			);
			name = tabBarImages;
			sourceTree = "<group>";
		};
		CC2BA0921A1705F900D6A4CA /* contacterPhotos */ = {
			isa = PBXGroup;
			children = (
				CC2BA09C1A171F3000D6A4CA /* angel.jpg */,
				CC2BA09E1A171F3F00D6A4CA /* jiejie.jpg */,
				CC2BA09F1A171F3F00D6A4CA /* duoduo.jpg */,
				CC2BA0B21A1724D100D6A4CA /* cindy.jpg */,
				CC2BA0A11A171F3F00D6A4CA /* tiantian.jpg */,
				CC2BA0A81A171FE400D6A4CA /* yangyang.jpg */,
				CC2BA0A21A171F3F00D6A4CA /* kimi.jpg */,
				CC2BA0B41A17254600D6A4CA /* joe.jpg */,
				CC2BA0AA1A17203C00D6A4CA /* shitou.jpg */,
				CC2BA0AC1A17214C00D6A4CA /* beier.jpg */,
				CC2BA0B01A17249500D6A4CA /* feyman.jpg */,
			);
			name = contacterPhotos;
			sourceTree = "<group>";
		};
		CC2BA0931A17061A00D6A4CA /* misc */ = {
			isa = PBXGroup;
			children = (
				CC2BA0CC1A176F8A00D6A4CA /* push@2x.png */,
				CC2BA0CB1A176F8A00D6A4CA /* push_highlighted@2x.png */,
				CC2BA0C41A176B4B00D6A4CA /* cellBtn_highlighted@2x.png */,
				CC2BA0C51A176B4B00D6A4CA /* cellBtn@2x.png */,
				CC2BA0C01A17602D00D6A4CA /* bookmarkImage.png */,
				CC2BA0C11A17602D00D6A4CA /* bookmarkImageHighlighted.png */,
				CCD06ED71A12FA5000E596E9 /* smile@2x.png */,
				CC372B351A14756300B499FE /* switch.png */,
				CCD06ED81A12FA5000E596E9 /* smile_gray@2x.png */,
				CCD06EDB1A12FB8000E596E9 /* btn_background@2x.png */,
				CCD06EDC1A12FB8000E596E9 /* btn_background_pressed@2x.png */,
				CC372B331A14727200B499FE /* whiteButton.png */,
				CCD06EE11A13234700E596E9 /* cellColor.png */,
				CCD06F341A13A03A00E596E9 /* mainVc.jpg */,
				CC2BA07D1A16FBB800D6A4CA /* Viewcontroller.jpg */,
				CC2BA07F1A16FBE100D6A4CA /* addressBook.jpg */,
				CC2BA0B81A1737AB00D6A4CA /* tabBarItem.png */,
				CC2BA0BA1A17382200D6A4CA /* tabBarItem2.png */,
				CCD06F361A13A15D00E596E9 /* QYVc.jpg */,
				CC2BA0BC1A173AFE00D6A4CA /* hideTabBar@2x.png */,
				CC2BA0BE1A173BC000D6A4CA /* showTabBar@2x.png */,
				CCC6E0C71A15C44F0036F2E6 /* datePicker.jpg */,
				CC372B811A1493DD00B499FE /* orangeslide.png */,
				CC372B851A14994F00B499FE /* yellowslide.png */,
				CC372B831A1493E700B499FE /* slider_ball.png */,
				CC372B891A14C95000B499FE /* segmentedBackground.png */,
				CC4C14C31A11FD4C002BC62F /* 0.png */,
				CC4C14BF1A11FC5F002BC62F /* 1.png */,
				CC4C14C11A11FC78002BC62F /* 2.png */,
				CC4C14C51A11FD58002BC62F /* 3.png */,
				CC4C14C71A11FD58002BC62F /* 4.png */,
				CC4C14C81A11FD58002BC62F /* 5.png */,
				CC4C14C61A11FD58002BC62F /* 6.png */,
				CCD06EE51A1359FB00E596E9 /* 7.png */,
				CCD06F321A139DDB00E596E9 /* 8.png */,
				CCD06F3A1A13A23200E596E9 /* 9.png */,
				CC372B2E1A144BCA00B499FE /* 10.png */,
				CCBB0B061A16353A001F1004 /* 11.png */,
			);
			name = misc;
			sourceTree = "<group>";
		};
		CC2BA0971A1707A900D6A4CA /* class */ = {
			isa = PBXGroup;
			children = (
				CC2BA0941A1707A100D6A4CA /* QYChild.h */,
				CC2BA0951A1707A100D6A4CA /* QYChild.m */,
			);
			name = class;
			sourceTree = "<group>";
		};
		CC4C142F1A11BEBC002BC62F = {
			isa = PBXGroup;
			children = (
				CC4C14411A11BEBC002BC62F /* UICatalog */,
				CC4C145A1A11BEBC002BC62F /* UICatalogTests */,
				CC4C143A1A11BEBC002BC62F /* Frameworks */,
				CC4C14391A11BEBC002BC62F /* Products */,
			);
			sourceTree = "<group>";
		};
		CC4C14391A11BEBC002BC62F /* Products */ = {
			isa = PBXGroup;
			children = (
				CC4C14381A11BEBC002BC62F /* UICatalog.app */,
				CC4C14531A11BEBC002BC62F /* UICatalogTests.xctest */,
			);
			name = Products;
			sourceTree = "<group>";
		};
		CC4C143A1A11BEBC002BC62F /* Frameworks */ = {
			isa = PBXGroup;
			children = (
				CC4C143B1A11BEBC002BC62F /* Foundation.framework */,
				CC4C143D1A11BEBC002BC62F /* CoreGraphics.framework */,
				CC4C143F1A11BEBC002BC62F /* UIKit.framework */,
				CC4C14541A11BEBC002BC62F /* XCTest.framework */,
			);
			name = Frameworks;
			sourceTree = "<group>";
		};
		CC4C14411A11BEBC002BC62F /* UICatalog */ = {
			isa = PBXGroup;
			children = (
				CC4C144A1A11BEBC002BC62F /* QYAppDelegate.h */,
				CC4C144B1A11BEBC002BC62F /* QYAppDelegate.m */,
				CC4C14701A11CD51002BC62F /* QYTableViewController.h */,
				CC4C14711A11CD51002BC62F /* QYTableViewController.m */,
				CC2BA0811A16FC8700D6A4CA /* ContactsTableViewController.h */,
				CC2BA0821A16FC8700D6A4CA /* ContactsTableViewController.m */,
				CC2BA05E1A16F1B400D6A4CA /* QYViewController.h */,
				CC2BA05F1A16F1B400D6A4CA /* QYViewController.m */,
				CC2BA0C81A176E9D00D6A4CA /* TransitionViewController.h */,
				CC2BA0C91A176E9D00D6A4CA /* TransitionViewController.m */,
				CC4C144D1A11BEBC002BC62F /* Images.xcassets */,
				CC4C14421A11BEBC002BC62F /* Supporting Files */,
			);
			path = UICatalog;
			sourceTree = "<group>";
		};
		CC4C14421A11BEBC002BC62F /* Supporting Files */ = {
			isa = PBXGroup;
			children = (
				CC2BA0971A1707A900D6A4CA /* class */,
				CC4C147D1A11D600002BC62F /* viewContrller */,
				CC4C149A1A11ED50002BC62F /* images */,
				CC4C146C1A11BF72002BC62F /* plistFile */,
				CC4C14441A11BEBC002BC62F /* InfoPlist.strings */,
				CC4C14471A11BEBC002BC62F /* main.m */,
				CC4C14491A11BEBC002BC62F /* UICatalog-Prefix.pch */,
				CC4C14431A11BEBC002BC62F /* UICatalog-Info.plist */,
			);
			name = "Supporting Files";
			sourceTree = "<group>";
		};
		CC4C145A1A11BEBC002BC62F /* UICatalogTests */ = {
			isa = PBXGroup;
			children = (
				CC4C14601A11BEBC002BC62F /* UICatalogTests.m */,
				CC4C145B1A11BEBC002BC62F /* Supporting Files */,
			);
			path = UICatalogTests;
			sourceTree = "<group>";
		};
		CC4C145B1A11BEBC002BC62F /* Supporting Files */ = {
			isa = PBXGroup;
			children = (
				CC4C145C1A11BEBC002BC62F /* UICatalogTests-Info.plist */,
				CC4C145D1A11BEBC002BC62F /* InfoPlist.strings */,
			);
			name = "Supporting Files";
			sourceTree = "<group>";
		};
		CC4C146C1A11BF72002BC62F /* plistFile */ = {
			isa = PBXGroup;
			children = (
				CC4C14791A11D31D002BC62F /* catalog.plist */,
				CC4C147B1A11D5E9002BC62F /* controls.plist */,
				CCD06F041A1390A200E596E9 /* imageView.plist */,
				CCC6E0C91A1621A80036F2E6 /* city.plist */,
				CC2BA0841A16FE4700D6A4CA /* contacter.plist */,
				CC2BA0B61A172BCC00D6A4CA /* tabBarSystemItem.plist */,
			);
			name = plistFile;
			sourceTree = "<group>";
		};
		CC4C147D1A11D600002BC62F /* viewContrller */ = {
			isa = PBXGroup;
			children = (
				CC4C147E1A11D637002BC62F /* QYMainViewController.h */,
				CC4C147F1A11D637002BC62F /* QYMainViewController.m */,
				CC4C14BC1A11FBA7002BC62F /* UIControls */,
				CC4C14811A11DB8D002BC62F /* LabelTableViewController.h */,
				CC4C14821A11DB8D002BC62F /* LabelTableViewController.m */,
				CC4C14AD1A11F0EA002BC62F /* ColorTableViewController.h */,
				CC4C14AE1A11F0EA002BC62F /* ColorTableViewController.m */,
				CC4C14B01A11F0F5002BC62F /* FontTableViewController.h */,
				CC4C14B11A11F0F5002BC62F /* FontTableViewController.m */,
				CC4C14B31A11F101002BC62F /* AlertTableViewController.h */,
				CC4C14B41A11F101002BC62F /* AlertTableViewController.m */,
				CC4C14B61A11F10D002BC62F /* ActionSheetTableViewController.h */,
				CC4C14B71A11F10D002BC62F /* ActionSheetTableViewController.m */,
				CC4C148A1A11DBD8002BC62F /* ImageViewTableViewController.h */,
				CC4C148B1A11DBD8002BC62F /* ImageViewTableViewController.m */,
				CC372B2B1A144AE300B499FE /* UIActivityTableViewController.h */,
				CC372B2C1A144AE300B499FE /* UIActivityTableViewController.m */,
				CCC6E0CB1A1621C80036F2E6 /* PickerViewController.h */,
				CCC6E0CC1A1621C80036F2E6 /* PickerViewController.m */,
				CCBB0B031A162CB0001F1004 /* WebViewController.h */,
				CCBB0B041A162CB0001F1004 /* WebViewController.m */,
				CCBB0B001A162C08001F1004 /* SearchBarViewController.h */,
				CCBB0B011A162C08001F1004 /* SearchBarViewController.m */,
			);
			name = viewContrller;
			sourceTree = "<group>";
		};
		CC4C149A1A11ED50002BC62F /* images */ = {
			isa = PBXGroup;
			children = (
				CC2BA0921A1705F900D6A4CA /* contacterPhotos */,
				CC2BA0641A16F5E800D6A4CA /* tabBarImages */,
				CCD06F221A139B5400E596E9 /* catalogPicture */,
				CCD06F231A139B6D00E596E9 /* controlPicture */,
				CCD06EE71A138D2E00E596E9 /* imageViews */,
				CC2BA0931A17061A00D6A4CA /* misc */,
			);
			name = images;
			sourceTree = "<group>";
		};
		CC4C14BC1A11FBA7002BC62F /* UIControls */ = {
			isa = PBXGroup;
			children = (
				CC4C148E1A11E703002BC62F /* ButtonTableViewController.h */,
				CC4C148F1A11E703002BC62F /* ButtonTableViewController.m */,
				CC4C14911A11E70F002BC62F /* SliderTableViewController.h */,
				CC4C14921A11E70F002BC62F /* SliderTableViewController.m */,
				CC372B301A1454F700B499FE /* SwitchTableViewController.h */,
				CC372B311A1454F700B499FE /* SwitchTableViewController.m */,
				CC4C14B91A11FAEA002BC62F /* TextFieldTableViewController.h */,
				CC4C14BA1A11FAEA002BC62F /* TextFieldTableViewController.m */,
				CC4C14941A11E720002BC62F /* PageControlTableViewController.h */,
				CC4C14951A11E720002BC62F /* PageControlTableViewController.m */,
				CC4C14971A11E738002BC62F /* SegmentedControlTableViewController.h */,
				CC4C14981A11E738002BC62F /* SegmentedControlTableViewController.m */,
				CCC6E0C21A15ACAC0036F2E6 /* DatePickerTableViewController.h */,
				CCC6E0C31A15ACAC0036F2E6 /* DatePickerTableViewController.m */,
			);
			name = UIControls;
			sourceTree = "<group>";
		};
		CCD06EE71A138D2E00E596E9 /* imageViews */ = {
			isa = PBXGroup;
			children = (
				CCD06F061A1399BB00E596E9 /* 51.jpg */,
				CCD06F071A1399BB00E596E9 /* 52.jpg */,
				CCD06F081A1399BB00E596E9 /* 53.jpg */,
				CCD06F091A1399BB00E596E9 /* 54.jpg */,
				CCD06F0A1A1399BB00E596E9 /* 55.jpg */,
				CCD06F0B1A1399BB00E596E9 /* 56.jpg */,
				CCD06F0C1A1399BB00E596E9 /* 64.jpg */,
				CCD06F0D1A1399BB00E596E9 /* 63.jpg */,
				CCD06F0E1A1399BB00E596E9 /* 62.jpg */,
				CCD06F0F1A1399BB00E596E9 /* 61.jpg */,
				CCD06F101A1399BB00E596E9 /* 60.jpg */,
				CCD06F111A1399BB00E596E9 /* 59.jpg */,
				CCD06F121A1399BB00E596E9 /* 58.jpg */,
				CCD06F131A1399BB00E596E9 /* 57.jpg */,
			);
			name = imageViews;
			sourceTree = "<group>";
		};
		CCD06F221A139B5400E596E9 /* catalogPicture */ = {
			isa = PBXGroup;
			children = (
				CCD06F271A139C4B00E596E9 /* 0.jpg */,
				CCD06F261A139C4B00E596E9 /* 1.jpg */,
				CCD06F291A139C4B00E596E9 /* 2.jpg */,
				CCD06F251A139C4B00E596E9 /* 3.jpg */,
				CCD06F241A139C4B00E596E9 /* 4.jpg */,
				CCD06F2A1A139C4B00E596E9 /* 5.jpg */,
				CCD06F281A139C4B00E596E9 /* 6.jpg */,
				CCBB0B081A164147001F1004 /* 7.jpg */,
				CCBB0B0A1A1642B9001F1004 /* 8.jpg */,
				CCC6E0CE1A1624120036F2E6 /* 9.jpg */,
				CCBB0B0B1A1642B9001F1004 /* 10.jpg */,
			);
			name = catalogPicture;
			sourceTree = "<group>";
		};
		CCD06F231A139B6D00E596E9 /* controlPicture */ = {
			isa = PBXGroup;
			children = (
				CCD06F3C1A13AA2B00E596E9 /* 21.jpg */,
				CCD06F3D1A13AA2B00E596E9 /* 22.jpg */,
				CCD06F3E1A13AA2B00E596E9 /* 23.jpg */,
				CCD06F3F1A13AA2B00E596E9 /* 24.jpg */,
				CCD06F401A13AA2B00E596E9 /* 25.jpg */,
				CCD06F461A13AA9E00E596E9 /* 26.jpg */,
				CCC6E0C51A15C3B60036F2E6 /* 27.jpg */,
			);
			name = controlPicture;
			sourceTree = "<group>";
		};
/* End PBXGroup section */

/* Begin PBXNativeTarget section */
		CC4C14371A11BEBC002BC62F /* UICatalog */ = {
			isa = PBXNativeTarget;
			buildConfigurationList = CC4C14641A11BEBC002BC62F /* Build configuration list for PBXNativeTarget "UICatalog" */;
			buildPhases = (
				CC4C14341A11BEBC002BC62F /* Sources */,
				CC4C14351A11BEBC002BC62F /* Frameworks */,
				CC4C14361A11BEBC002BC62F /* Resources */,
			);
			buildRules = (
			);
			dependencies = (
			);
			name = UICatalog;
			productName = UICatalog;
			productReference = CC4C14381A11BEBC002BC62F /* UICatalog.app */;
			productType = "com.apple.product-type.application";
		};
		CC4C14521A11BEBC002BC62F /* UICatalogTests */ = {
			isa = PBXNativeTarget;
			buildConfigurationList = CC4C14671A11BEBC002BC62F /* Build configuration list for PBXNativeTarget "UICatalogTests" */;
			buildPhases = (
				CC4C144F1A11BEBC002BC62F /* Sources */,
				CC4C14501A11BEBC002BC62F /* Frameworks */,
				CC4C14511A11BEBC002BC62F /* Resources */,
			);
			buildRules = (
			);
			dependencies = (
				CC4C14591A11BEBC002BC62F /* PBXTargetDependency */,
			);
			name = UICatalogTests;
			productName = UICatalogTests;
			productReference = CC4C14531A11BEBC002BC62F /* UICatalogTests.xctest */;
			productType = "com.apple.product-type.bundle.unit-test";
		};
/* End PBXNativeTarget section */

/* Begin PBXProject section */
		CC4C14301A11BEBC002BC62F /* Project object */ = {
			isa = PBXProject;
			attributes = {
				CLASSPREFIX = QY;
				LastUpgradeCheck = 0510;
				ORGANIZATIONNAME = hnqingyun;
				TargetAttributes = {
					CC4C14521A11BEBC002BC62F = {
						TestTargetID = CC4C14371A11BEBC002BC62F;
					};
				};
			};
			buildConfigurationList = CC4C14331A11BEBC002BC62F /* Build configuration list for PBXProject "UICatalog" */;
			compatibilityVersion = "Xcode 3.2";
			developmentRegion = English;
			hasScannedForEncodings = 0;
			knownRegions = (
				en,
			);
			mainGroup = CC4C142F1A11BEBC002BC62F;
			productRefGroup = CC4C14391A11BEBC002BC62F /* Products */;
			projectDirPath = "";
			projectRoot = "";
			targets = (
				CC4C14371A11BEBC002BC62F /* UICatalog */,
				CC4C14521A11BEBC002BC62F /* UICatalogTests */,
			);
		};
/* End PBXProject section */

/* Begin PBXResourcesBuildPhase section */
		CC4C14361A11BEBC002BC62F /* Resources */ = {
			isa = PBXResourcesBuildPhase;
			buildActionMask = 2147483647;
			files = (
				CC2BA0B51A17254600D6A4CA /* joe.jpg in Resources */,
				CCD06F2E1A139C4B00E596E9 /* 0.jpg in Resources */,
				CCD06F2B1A139C4B00E596E9 /* 4.jpg in Resources */,
				CC2BA0B71A172BCC00D6A4CA /* tabBarSystemItem.plist in Resources */,
				CC2BA0BD1A173AFE00D6A4CA /* hideTabBar@2x.png in Resources */,
				CCD06F1D1A1399BB00E596E9 /* 61.jpg in Resources */,
				CC372B361A14756300B499FE /* switch.png in Resources */,
				CC2BA0CD1A176F8A00D6A4CA /* push_highlighted@2x.png in Resources */,
				CCD06F211A1399BB00E596E9 /* 57.jpg in Resources */,
				CCD06F371A13A15D00E596E9 /* QYVc.jpg in Resources */,
				CCD06F1B1A1399BB00E596E9 /* 63.jpg in Resources */,
				CCD06F331A139DDB00E596E9 /* 8.png in Resources */,
				CCD06F3B1A13A23200E596E9 /* 9.png in Resources */,
				CCC6E0C61A15C3B60036F2E6 /* 27.jpg in Resources */,
				CCD06F151A1399BB00E596E9 /* 52.jpg in Resources */,
				CC2BA06F1A16F6BD00D6A4CA /* UICatdlog_highlighted@2x.png in Resources */,
				CC4C14CC1A11FD58002BC62F /* 5.png in Resources */,
				CCD06F471A13AA9E00E596E9 /* 26.jpg in Resources */,
				CCD06F161A1399BB00E596E9 /* 53.jpg in Resources */,
				CC2BA0781A16FA2D00D6A4CA /* others@2x.png in Resources */,
				CCD06F441A13AA2B00E596E9 /* 24.jpg in Resources */,
				CC2BA0B31A1724D100D6A4CA /* cindy.jpg in Resources */,
				CCD06F451A13AA2B00E596E9 /* 25.jpg in Resources */,
				CC2BA0B91A1737AB00D6A4CA /* tabBarItem.png in Resources */,
				CC2BA0A91A171FE400D6A4CA /* yangyang.jpg in Resources */,
				CCD06F1F1A1399BB00E596E9 /* 59.jpg in Resources */,
				CCD06F431A13AA2B00E596E9 /* 23.jpg in Resources */,
				CC372B8A1A14C95000B499FE /* segmentedBackground.png in Resources */,
				CC4C14C01A11FC5F002BC62F /* 1.png in Resources */,
				CCD06EDE1A12FB8000E596E9 /* btn_background_pressed@2x.png in Resources */,
				CC2BA0BB1A17382200D6A4CA /* tabBarItem2.png in Resources */,
				CCD06F181A1399BB00E596E9 /* 55.jpg in Resources */,
				CC2BA0C31A17602D00D6A4CA /* bookmarkImageHighlighted.png in Resources */,
				CC2BA0AB1A17203C00D6A4CA /* shitou.jpg in Resources */,
				CC2BA06C1A16F64800D6A4CA /* other_highlighted@2x.png in Resources */,
				CCBB0B0D1A1642B9001F1004 /* 10.jpg in Resources */,
				CCD06F421A13AA2B00E596E9 /* 22.jpg in Resources */,
				CC2BA09D1A171F3000D6A4CA /* angel.jpg in Resources */,
				CC2BA0A41A171F3F00D6A4CA /* duoduo.jpg in Resources */,
				CCD06EDD1A12FB8000E596E9 /* btn_background@2x.png in Resources */,
				CC2BA0C61A176B4B00D6A4CA /* cellBtn_highlighted@2x.png in Resources */,
				CCD06F2F1A139C4B00E596E9 /* 6.jpg in Resources */,
				CC372B821A1493DD00B499FE /* orangeslide.png in Resources */,
				CCD06F051A1390A200E596E9 /* imageView.plist in Resources */,
				CC2BA0801A16FBE100D6A4CA /* addressBook.jpg in Resources */,
				CC2BA0A61A171F3F00D6A4CA /* tiantian.jpg in Resources */,
				CC372B341A14727200B499FE /* whiteButton.png in Resources */,
				CCD06F191A1399BB00E596E9 /* 56.jpg in Resources */,
				CCBB0B071A16353A001F1004 /* 11.png in Resources */,
				CC372B841A1493E700B499FE /* slider_ball.png in Resources */,
				CCD06F141A1399BB00E596E9 /* 51.jpg in Resources */,
				CCD06F1A1A1399BB00E596E9 /* 64.jpg in Resources */,
				CC4C14461A11BEBC002BC62F /* InfoPlist.strings in Resources */,
				CC2BA07E1A16FBB800D6A4CA /* Viewcontroller.jpg in Resources */,
				CCD06ED91A12FA5000E596E9 /* smile@2x.png in Resources */,
				CC4C147A1A11D31D002BC62F /* catalog.plist in Resources */,
				CC4C14CA1A11FD58002BC62F /* 6.png in Resources */,
				CC4C14C91A11FD58002BC62F /* 3.png in Resources */,
				CC2BA07C1A16FA7400D6A4CA /* tab_contact@2x.png in Resources */,
				CCC6E0C81A15C44F0036F2E6 /* datePicker.jpg in Resources */,
				CC2BA07B1A16FA7400D6A4CA /* tab_contact_highlighted@2x.png in Resources */,
				CC2BA0A31A171F3F00D6A4CA /* jiejie.jpg in Resources */,
				CCD06F1E1A1399BB00E596E9 /* 60.jpg in Resources */,
				CCD06F351A13A03A00E596E9 /* mainVc.jpg in Resources */,
				CCD06EDA1A12FA5000E596E9 /* smile_gray@2x.png in Resources */,
				CCBB0B091A164147001F1004 /* 7.jpg in Resources */,
				CCD06F2C1A139C4B00E596E9 /* 3.jpg in Resources */,
				CCD06EE61A1359FB00E596E9 /* 7.png in Resources */,
				CC4C14C41A11FD4C002BC62F /* 0.png in Resources */,
				CC372B2F1A144BCA00B499FE /* 10.png in Resources */,
				CCD06F411A13AA2B00E596E9 /* 21.jpg in Resources */,
				CCBB0B0C1A1642B9001F1004 /* 8.jpg in Resources */,
				CCD06F301A139C4B00E596E9 /* 2.jpg in Resources */,
				CC2BA0AD1A17214C00D6A4CA /* beier.jpg in Resources */,
				CC2BA0701A16F6BD00D6A4CA /* UICatalog@2x.png in Resources */,
				CC2BA0B11A17249500D6A4CA /* feyman.jpg in Resources */,
				CC4C147C1A11D5E9002BC62F /* controls.plist in Resources */,
				CC2BA0851A16FE4700D6A4CA /* contacter.plist in Resources */,
				CCD06F201A1399BB00E596E9 /* 58.jpg in Resources */,
				CC2BA0CE1A176F8A00D6A4CA /* push@2x.png in Resources */,
				CC2BA0771A16FA2D00D6A4CA /* others_highlighted@2x.png in Resources */,
				CC372B861A14994F00B499FE /* yellowslide.png in Resources */,
				CC4C144E1A11BEBC002BC62F /* Images.xcassets in Resources */,
				CCD06F1C1A1399BB00E596E9 /* 62.jpg in Resources */,
				CC2BA06B1A16F64800D6A4CA /* other@2x.png in Resources */,
				CC2BA0C71A176B4B00D6A4CA /* cellBtn@2x.png in Resources */,
				CCD06F311A139C4B00E596E9 /* 5.jpg in Resources */,
				CCC6E0CF1A1624120036F2E6 /* 9.jpg in Resources */,
				CC4C14CB1A11FD58002BC62F /* 4.png in Resources */,
				CC4C14C21A11FC78002BC62F /* 2.png in Resources */,
				CCD06F171A1399BB00E596E9 /* 54.jpg in Resources */,
				CC2BA0BF1A173BC000D6A4CA /* showTabBar@2x.png in Resources */,
				CCC6E0CA1A1621A80036F2E6 /* city.plist in Resources */,
				CCD06EE21A13234700E596E9 /* cellColor.png in Resources */,
				CC2BA0C21A17602D00D6A4CA /* bookmarkImage.png in Resources */,
				CCD06F2D1A139C4B00E596E9 /* 1.jpg in Resources */,
				CC2BA0A71A171F3F00D6A4CA /* kimi.jpg in Resources */,
			);
			runOnlyForDeploymentPostprocessing = 0;
		};
		CC4C14511A11BEBC002BC62F /* Resources */ = {
			isa = PBXResourcesBuildPhase;
			buildActionMask = 2147483647;
			files = (
				CC4C145F1A11BEBC002BC62F /* InfoPlist.strings in Resources */,
			);
			runOnlyForDeploymentPostprocessing = 0;
		};
/* End PBXResourcesBuildPhase section */

/* Begin PBXSourcesBuildPhase section */
		CC4C14341A11BEBC002BC62F /* Sources */ = {
			isa = PBXSourcesBuildPhase;
			buildActionMask = 2147483647;
			files = (
				CC4C14991A11E738002BC62F /* SegmentedControlTableViewController.m in Sources */,
				CCBB0B051A162CB0001F1004 /* WebViewController.m in Sources */,
				CC4C14AF1A11F0EA002BC62F /* ColorTableViewController.m in Sources */,
				CC4C14B81A11F10D002BC62F /* ActionSheetTableViewController.m in Sources */,
				CC4C144C1A11BEBC002BC62F /* QYAppDelegate.m in Sources */,
				CC4C14901A11E703002BC62F /* ButtonTableViewController.m in Sources */,
				CCC6E0CD1A1621C80036F2E6 /* PickerViewController.m in Sources */,
				CC4C14831A11DB8D002BC62F /* LabelTableViewController.m in Sources */,
				CC2BA0CA1A176E9D00D6A4CA /* TransitionViewController.m in Sources */,
				CC2BA0601A16F1B400D6A4CA /* QYViewController.m in Sources */,
				CC4C14481A11BEBC002BC62F /* main.m in Sources */,
				CC2BA0961A1707A100D6A4CA /* QYChild.m in Sources */,
				CC4C14721A11CD51002BC62F /* QYTableViewController.m in Sources */,
				CC4C14B51A11F101002BC62F /* AlertTableViewController.m in Sources */,
				CCC6E0C41A15ACAC0036F2E6 /* DatePickerTableViewController.m in Sources */,
				CC4C14961A11E720002BC62F /* PageControlTableViewController.m in Sources */,
				CC372B321A1454F700B499FE /* SwitchTableViewController.m in Sources */,
				CC4C14BB1A11FAEA002BC62F /* TextFieldTableViewController.m in Sources */,
				CCBB0B021A162C08001F1004 /* SearchBarViewController.m in Sources */,
				CC4C148C1A11DBD8002BC62F /* ImageViewTableViewController.m in Sources */,
				CC372B2D1A144AE300B499FE /* UIActivityTableViewController.m in Sources */,
				CC4C14931A11E70F002BC62F /* SliderTableViewController.m in Sources */,
				CC4C14B21A11F0F5002BC62F /* FontTableViewController.m in Sources */,
				CC4C14801A11D637002BC62F /* QYMainViewController.m in Sources */,
				CC2BA0831A16FC8700D6A4CA /* ContactsTableViewController.m in Sources */,
			);
			runOnlyForDeploymentPostprocessing = 0;
		};
		CC4C144F1A11BEBC002BC62F /* Sources */ = {
			isa = PBXSourcesBuildPhase;
			buildActionMask = 2147483647;
			files = (
				CC4C14611A11BEBC002BC62F /* UICatalogTests.m in Sources */,
			);
			runOnlyForDeploymentPostprocessing = 0;
		};
/* End PBXSourcesBuildPhase section */

/* Begin PBXTargetDependency section */
		CC4C14591A11BEBC002BC62F /* PBXTargetDependency */ = {
			isa = PBXTargetDependency;
			target = CC4C14371A11BEBC002BC62F /* UICatalog */;
			targetProxy = CC4C14581A11BEBC002BC62F /* PBXContainerItemProxy */;
		};
/* End PBXTargetDependency section */

/* Begin PBXVariantGroup section */
		CC4C14441A11BEBC002BC62F /* InfoPlist.strings */ = {
			isa = PBXVariantGroup;
			children = (
				CC4C14451A11BEBC002BC62F /* en */,
			);
			name = InfoPlist.strings;
			sourceTree = "<group>";
		};
		CC4C145D1A11BEBC002BC62F /* InfoPlist.strings */ = {
			isa = PBXVariantGroup;
			children = (
				CC4C145E1A11BEBC002BC62F /* en */,
			);
			name = InfoPlist.strings;
			sourceTree = "<group>";
		};
/* End PBXVariantGroup section */

/* Begin XCBuildConfiguration section */
		CC4C14621A11BEBC002BC62F /* Debug */ = {
			isa = XCBuildConfiguration;
			buildSettings = {
				ALWAYS_SEARCH_USER_PATHS = NO;
				CLANG_CXX_LANGUAGE_STANDARD = "gnu++0x";
				CLANG_CXX_LIBRARY = "libc++";
				CLANG_ENABLE_MODULES = YES;
				CLANG_ENABLE_OBJC_ARC = YES;
				CLANG_WARN_BOOL_CONVERSION = YES;
				CLANG_WARN_CONSTANT_CONVERSION = YES;
				CLANG_WARN_DIRECT_OBJC_ISA_USAGE = YES_ERROR;
				CLANG_WARN_EMPTY_BODY = YES;
				CLANG_WARN_ENUM_CONVERSION = YES;
				CLANG_WARN_INT_CONVERSION = YES;
				CLANG_WARN_OBJC_ROOT_CLASS = YES_ERROR;
				CLANG_WARN__DUPLICATE_METHOD_MATCH = YES;
				"CODE_SIGN_IDENTITY[sdk=iphoneos*]" = "iPhone Developer";
				COPY_PHASE_STRIP = NO;
				GCC_C_LANGUAGE_STANDARD = gnu99;
				GCC_DYNAMIC_NO_PIC = NO;
				GCC_OPTIMIZATION_LEVEL = 0;
				GCC_PREPROCESSOR_DEFINITIONS = (
					"DEBUG=1",
					"$(inherited)",
				);
				GCC_SYMBOLS_PRIVATE_EXTERN = NO;
				GCC_WARN_64_TO_32_BIT_CONVERSION = YES;
				GCC_WARN_ABOUT_RETURN_TYPE = YES_ERROR;
				GCC_WARN_UNDECLARED_SELECTOR = YES;
				GCC_WARN_UNINITIALIZED_AUTOS = YES_AGGRESSIVE;
				GCC_WARN_UNUSED_FUNCTION = YES;
				GCC_WARN_UNUSED_VARIABLE = YES;
				IPHONEOS_DEPLOYMENT_TARGET = 7.1;
				ONLY_ACTIVE_ARCH = YES;
				SDKROOT = iphoneos;
			};
			name = Debug;
		};
		CC4C14631A11BEBC002BC62F /* Release */ = {
			isa = XCBuildConfiguration;
			buildSettings = {
				ALWAYS_SEARCH_USER_PATHS = NO;
				CLANG_CXX_LANGUAGE_STANDARD = "gnu++0x";
				CLANG_CXX_LIBRARY = "libc++";
				CLANG_ENABLE_MODULES = YES;
				CLANG_ENABLE_OBJC_ARC = YES;
				CLANG_WARN_BOOL_CONVERSION = YES;
				CLANG_WARN_CONSTANT_CONVERSION = YES;
				CLANG_WARN_DIRECT_OBJC_ISA_USAGE = YES_ERROR;
				CLANG_WARN_EMPTY_BODY = YES;
				CLANG_WARN_ENUM_CONVERSION = YES;
				CLANG_WARN_INT_CONVERSION = YES;
				CLANG_WARN_OBJC_ROOT_CLASS = YES_ERROR;
				CLANG_WARN__DUPLICATE_METHOD_MATCH = YES;
				"CODE_SIGN_IDENTITY[sdk=iphoneos*]" = "iPhone Developer";
				COPY_PHASE_STRIP = YES;
				ENABLE_NS_ASSERTIONS = NO;
				GCC_C_LANGUAGE_STANDARD = gnu99;
				GCC_WARN_64_TO_32_BIT_CONVERSION = YES;
				GCC_WARN_ABOUT_RETURN_TYPE = YES_ERROR;
				GCC_WARN_UNDECLARED_SELECTOR = YES;
				GCC_WARN_UNINITIALIZED_AUTOS = YES_AGGRESSIVE;
				GCC_WARN_UNUSED_FUNCTION = YES;
				GCC_WARN_UNUSED_VARIABLE = YES;
				IPHONEOS_DEPLOYMENT_TARGET = 7.1;
				SDKROOT = iphoneos;
				VALIDATE_PRODUCT = YES;
			};
			name = Release;
		};
		CC4C14651A11BEBC002BC62F /* Debug */ = {
			isa = XCBuildConfiguration;
			buildSettings = {
				ASSETCATALOG_COMPILER_APPICON_NAME = AppIcon;
				ASSETCATALOG_COMPILER_LAUNCHIMAGE_NAME = LaunchImage;
				GCC_PRECOMPILE_PREFIX_HEADER = YES;
				GCC_PREFIX_HEADER = "UICatalog/UICatalog-Prefix.pch";
				INFOPLIST_FILE = "UICatalog/UICatalog-Info.plist";
				PRODUCT_NAME = "$(TARGET_NAME)";
				WRAPPER_EXTENSION = app;
			};
			name = Debug;
		};
		CC4C14661A11BEBC002BC62F /* Release */ = {
			isa = XCBuildConfiguration;
			buildSettings = {
				ASSETCATALOG_COMPILER_APPICON_NAME = AppIcon;
				ASSETCATALOG_COMPILER_LAUNCHIMAGE_NAME = LaunchImage;
				GCC_PRECOMPILE_PREFIX_HEADER = YES;
				GCC_PREFIX_HEADER = "UICatalog/UICatalog-Prefix.pch";
				INFOPLIST_FILE = "UICatalog/UICatalog-Info.plist";
				PRODUCT_NAME = "$(TARGET_NAME)";
				WRAPPER_EXTENSION = app;
			};
			name = Release;
		};
		CC4C14681A11BEBC002BC62F /* Debug */ = {
			isa = XCBuildConfiguration;
			buildSettings = {
				BUNDLE_LOADER = "$(BUILT_PRODUCTS_DIR)/UICatalog.app/UICatalog";
				FRAMEWORK_SEARCH_PATHS = (
					"$(SDKROOT)/Developer/Library/Frameworks",
					"$(inherited)",
					"$(DEVELOPER_FRAMEWORKS_DIR)",
				);
				GCC_PRECOMPILE_PREFIX_HEADER = YES;
				GCC_PREFIX_HEADER = "UICatalog/UICatalog-Prefix.pch";
				GCC_PREPROCESSOR_DEFINITIONS = (
					"DEBUG=1",
					"$(inherited)",
				);
				INFOPLIST_FILE = "UICatalogTests/UICatalogTests-Info.plist";
				PRODUCT_NAME = "$(TARGET_NAME)";
				TEST_HOST = "$(BUNDLE_LOADER)";
				WRAPPER_EXTENSION = xctest;
			};
			name = Debug;
		};
		CC4C14691A11BEBC002BC62F /* Release */ = {
			isa = XCBuildConfiguration;
			buildSettings = {
				BUNDLE_LOADER = "$(BUILT_PRODUCTS_DIR)/UICatalog.app/UICatalog";
				FRAMEWORK_SEARCH_PATHS = (
					"$(SDKROOT)/Developer/Library/Frameworks",
					"$(inherited)",
					"$(DEVELOPER_FRAMEWORKS_DIR)",
				);
				GCC_PRECOMPILE_PREFIX_HEADER = YES;
				GCC_PREFIX_HEADER = "UICatalog/UICatalog-Prefix.pch";
				INFOPLIST_FILE = "UICatalogTests/UICatalogTests-Info.plist";
				PRODUCT_NAME = "$(TARGET_NAME)";
				TEST_HOST = "$(BUNDLE_LOADER)";
				WRAPPER_EXTENSION = xctest;
			};
			name = Release;
		};
/* End XCBuildConfiguration section */

/* Begin XCConfigurationList section */
		CC4C14331A11BEBC002BC62F /* Build configuration list for PBXProject "UICatalog" */ = {
			isa = XCConfigurationList;
			buildConfigurations = (
				CC4C14621A11BEBC002BC62F /* Debug */,
				CC4C14631A11BEBC002BC62F /* Release */,
			);
			defaultConfigurationIsVisible = 0;
			defaultConfigurationName = Release;
		};
		CC4C14641A11BEBC002BC62F /* Build configuration list for PBXNativeTarget "UICatalog" */ = {
			isa = XCConfigurationList;
			buildConfigurations = (
				CC4C14651A11BEBC002BC62F /* Debug */,
				CC4C14661A11BEBC002BC62F /* Release */,
			);
			defaultConfigurationIsVisible = 0;
			defaultConfigurationName = Release;
		};
		CC4C14671A11BEBC002BC62F /* Build configuration list for PBXNativeTarget "UICatalogTests" */ = {
			isa = XCConfigurationList;
			buildConfigurations = (
				CC4C14681A11BEBC002BC62F /* Debug */,
				CC4C14691A11BEBC002BC62F /* Release */,
			);
			defaultConfigurationIsVisible = 0;
			defaultConfigurationName = Release;
		};
/* End XCConfigurationList section */
	};
	rootObject = CC4C14301A11BEBC002BC62F /* Project object */;
}
