// !$*UTF8*$!
{
	archiveVersion = 1;
	classes = {
	};
	objectVersion = 46;
	objects = {

/* Begin PBXBuildFile section */
		CC0BB6061A07588700C03208 /* Foundation.framework in Frameworks */ = {isa = PBXBuildFile; fileRef = CC0BB6051A07588700C03208 /* Foundation.framework */; };
		CC0BB6081A07588700C03208 /* CoreGraphics.framework in Frameworks */ = {isa = PBXBuildFile; fileRef = CC0BB6071A07588700C03208 /* CoreGraphics.framework */; };
		CC0BB60A1A07588700C03208 /* UIKit.framework in Frameworks */ = {isa = PBXBuildFile; fileRef = CC0BB6091A07588700C03208 /* UIKit.framework */; };
		CC0BB6101A07588700C03208 /* InfoPlist.strings in Resources */ = {isa = PBXBuildFile; fileRef = CC0BB60E1A07588700C03208 /* InfoPlist.strings */; };
		CC0BB6121A07588700C03208 /* main.m in Sources */ = {isa = PBXBuildFile; fileRef = CC0BB6111A07588700C03208 /* main.m */; };
		CC0BB6161A07588700C03208 /* QYAppDelegate.m in Sources */ = {isa = PBXBuildFile; fileRef = CC0BB6151A07588700C03208 /* QYAppDelegate.m */; };
		CC0BB6181A07588700C03208 /* Images.xcassets in Resources */ = {isa = PBXBuildFile; fileRef = CC0BB6171A07588700C03208 /* Images.xcassets */; };
		CC0BB61F1A07588700C03208 /* XCTest.framework in Frameworks */ = {isa = PBXBuildFile; fileRef = CC0BB61E1A07588700C03208 /* XCTest.framework */; };
		CC0BB6201A07588700C03208 /* Foundation.framework in Frameworks */ = {isa = PBXBuildFile; fileRef = CC0BB6051A07588700C03208 /* Foundation.framework */; };
		CC0BB6211A07588700C03208 /* UIKit.framework in Frameworks */ = {isa = PBXBuildFile; fileRef = CC0BB6091A07588700C03208 /* UIKit.framework */; };
		CC0BB6291A07588700C03208 /* InfoPlist.strings in Resources */ = {isa = PBXBuildFile; fileRef = CC0BB6271A07588700C03208 /* InfoPlist.strings */; };
		CC0BB62B1A07588700C03208 /* registerWebTests.m in Sources */ = {isa = PBXBuildFile; fileRef = CC0BB62A1A07588700C03208 /* registerWebTests.m */; };
		CC0BB6361A07589400C03208 /* QYViewController.m in Sources */ = {isa = PBXBuildFile; fileRef = CC0BB6351A07589400C03208 /* QYViewController.m */; };
		CC0BB6391A0758D600C03208 /* face.png in Resources */ = {isa = PBXBuildFile; fileRef = CC0BB6381A0758D600C03208 /* face.png */; };
		CC0BB63B1A0758FF00C03208 /* expression.png in Resources */ = {isa = PBXBuildFile; fileRef = CC0BB63A1A0758FF00C03208 /* expression.png */; };
		CC0BB63F1A07591D00C03208 /* hellokity.png in Resources */ = {isa = PBXBuildFile; fileRef = CC0BB63E1A07591D00C03208 /* hellokity.png */; };
		CC0BB6451A07599B00C03208 /* mainBackGround.png in Resources */ = {isa = PBXBuildFile; fileRef = CC0BB6441A07599B00C03208 /* mainBackGround.png */; };
		CC0BB64F1A0759CB00C03208 /* emil.png in Resources */ = {isa = PBXBuildFile; fileRef = CC0BB6481A0759CB00C03208 /* emil.png */; };
		CC0BB6501A0759CB00C03208 /* human.png in Resources */ = {isa = PBXBuildFile; fileRef = CC0BB6491A0759CB00C03208 /* human.png */; };
		CC0BB6511A0759CB00C03208 /* lock.png in Resources */ = {isa = PBXBuildFile; fileRef = CC0BB64A1A0759CB00C03208 /* lock.png */; };
		CC0BB6521A0759CB00C03208 /* phone.png in Resources */ = {isa = PBXBuildFile; fileRef = CC0BB64B1A0759CB00C03208 /* phone.png */; };
		CC0BB6531A0759CB00C03208 /* registerPlus-Info.plist in Resources */ = {isa = PBXBuildFile; fileRef = CC0BB64C1A0759CB00C03208 /* registerPlus-Info.plist */; };
		CC0BB66B1A07AB6500C03208 /* RegViewController.m in Sources */ = {isa = PBXBuildFile; fileRef = CC0BB66A1A07AB6500C03208 /* RegViewController.m */; };
		CC12801F1A07BB2C009802B0 /* GithubPageViewController.m in Sources */ = {isa = PBXBuildFile; fileRef = CC12801E1A07BB2C009802B0 /* GithubPageViewController.m */; };
		CC1AE5BE1A08696D0024B645 /* registerBackGround.jpg in Resources */ = {isa = PBXBuildFile; fileRef = CC1AE5BD1A08696D0024B645 /* registerBackGround.jpg */; };
		CC1AE5C21A086B4A0024B645 /* leaf.png in Resources */ = {isa = PBXBuildFile; fileRef = CC1AE5C11A086B4A0024B645 /* leaf.png */; };
		CC1AE5C41A086B7B0024B645 /* githubBackGround.jpg in Resources */ = {isa = PBXBuildFile; fileRef = CC1AE5C31A086B7B0024B645 /* githubBackGround.jpg */; };
		CC1AE5E61A0895CF0024B645 /* CameraViewController.m in Sources */ = {isa = PBXBuildFile; fileRef = CC1AE5E51A0895CF0024B645 /* CameraViewController.m */; };
		CC1AE5ED1A08ADC00024B645 /* photoBackGround.jpg in Resources */ = {isa = PBXBuildFile; fileRef = CC1AE5EC1A08ADC00024B645 /* photoBackGround.jpg */; };
		CC1AE60C1A08B0680024B645 /* 1.jpg in Resources */ = {isa = PBXBuildFile; fileRef = CC1AE5EE1A08B0680024B645 /* 1.jpg */; };
		CC1AE60D1A08B0680024B645 /* 2.jpg in Resources */ = {isa = PBXBuildFile; fileRef = CC1AE5EF1A08B0680024B645 /* 2.jpg */; };
		CC1AE60E1A08B0680024B645 /* 3.jpg in Resources */ = {isa = PBXBuildFile; fileRef = CC1AE5F01A08B0680024B645 /* 3.jpg */; };
		CC1AE60F1A08B0680024B645 /* 4.jpg in Resources */ = {isa = PBXBuildFile; fileRef = CC1AE5F11A08B0680024B645 /* 4.jpg */; };
		CC1AE6101A08B0680024B645 /* 5.jpg in Resources */ = {isa = PBXBuildFile; fileRef = CC1AE5F21A08B0680024B645 /* 5.jpg */; };
		CC1AE6111A08B0680024B645 /* 6.jpg in Resources */ = {isa = PBXBuildFile; fileRef = CC1AE5F31A08B0680024B645 /* 6.jpg */; };
		CC1AE6121A08B0680024B645 /* 7.jpg in Resources */ = {isa = PBXBuildFile; fileRef = CC1AE5F41A08B0680024B645 /* 7.jpg */; };
		CC1AE6131A08B0680024B645 /* 8.jpg in Resources */ = {isa = PBXBuildFile; fileRef = CC1AE5F51A08B0680024B645 /* 8.jpg */; };
		CC1AE6141A08B0680024B645 /* 9.jpg in Resources */ = {isa = PBXBuildFile; fileRef = CC1AE5F61A08B0680024B645 /* 9.jpg */; };
		CC1AE6151A08B0680024B645 /* 10.jpg in Resources */ = {isa = PBXBuildFile; fileRef = CC1AE5F71A08B0680024B645 /* 10.jpg */; };
		CC1AE6161A08B0680024B645 /* 11.jpg in Resources */ = {isa = PBXBuildFile; fileRef = CC1AE5F81A08B0680024B645 /* 11.jpg */; };
		CC1AE6171A08B0680024B645 /* 12.jpg in Resources */ = {isa = PBXBuildFile; fileRef = CC1AE5F91A08B0680024B645 /* 12.jpg */; };
		CC1AE6181A08B0680024B645 /* 13.jpg in Resources */ = {isa = PBXBuildFile; fileRef = CC1AE5FA1A08B0680024B645 /* 13.jpg */; };
		CC1AE6191A08B0680024B645 /* 14.jpg in Resources */ = {isa = PBXBuildFile; fileRef = CC1AE5FB1A08B0680024B645 /* 14.jpg */; };
		CC1AE61A1A08B0680024B645 /* 15.jpg in Resources */ = {isa = PBXBuildFile; fileRef = CC1AE5FC1A08B0680024B645 /* 15.jpg */; };
		CC1AE61B1A08B0680024B645 /* 16.jpg in Resources */ = {isa = PBXBuildFile; fileRef = CC1AE5FD1A08B0680024B645 /* 16.jpg */; };
		CC1AE61C1A08B0680024B645 /* 17.jpg in Resources */ = {isa = PBXBuildFile; fileRef = CC1AE5FE1A08B0680024B645 /* 17.jpg */; };
		CC1AE61D1A08B0680024B645 /* 18.jpg in Resources */ = {isa = PBXBuildFile; fileRef = CC1AE5FF1A08B0680024B645 /* 18.jpg */; };
		CC1AE61E1A08B0680024B645 /* 19.jpg in Resources */ = {isa = PBXBuildFile; fileRef = CC1AE6001A08B0680024B645 /* 19.jpg */; };
		CC1AE61F1A08B0680024B645 /* 20.jpg in Resources */ = {isa = PBXBuildFile; fileRef = CC1AE6011A08B0680024B645 /* 20.jpg */; };
		CC1AE6201A08B0680024B645 /* 21.jpg in Resources */ = {isa = PBXBuildFile; fileRef = CC1AE6021A08B0680024B645 /* 21.jpg */; };
		CC1AE6211A08B0680024B645 /* 22.jpg in Resources */ = {isa = PBXBuildFile; fileRef = CC1AE6031A08B0680024B645 /* 22.jpg */; };
		CC1AE6221A08B0680024B645 /* 23.jpg in Resources */ = {isa = PBXBuildFile; fileRef = CC1AE6041A08B0680024B645 /* 23.jpg */; };
		CC1AE6231A08B0680024B645 /* 24.jpg in Resources */ = {isa = PBXBuildFile; fileRef = CC1AE6051A08B0680024B645 /* 24.jpg */; };
		CC1AE6241A08B0680024B645 /* 25.jpg in Resources */ = {isa = PBXBuildFile; fileRef = CC1AE6061A08B0680024B645 /* 25.jpg */; };
		CC1AE6251A08B0680024B645 /* 26.jpg in Resources */ = {isa = PBXBuildFile; fileRef = CC1AE6071A08B0680024B645 /* 26.jpg */; };
		CC1AE6261A08B0680024B645 /* 27.jpg in Resources */ = {isa = PBXBuildFile; fileRef = CC1AE6081A08B0680024B645 /* 27.jpg */; };
		CC1AE6271A08B0680024B645 /* 28.jpg in Resources */ = {isa = PBXBuildFile; fileRef = CC1AE6091A08B0680024B645 /* 28.jpg */; };
		CC1AE6281A08B0680024B645 /* 29.jpg in Resources */ = {isa = PBXBuildFile; fileRef = CC1AE60A1A08B0680024B645 /* 29.jpg */; };
		CC1AE6291A08B0680024B645 /* 30.jpg in Resources */ = {isa = PBXBuildFile; fileRef = CC1AE60B1A08B0680024B645 /* 30.jpg */; };
		CC1AE63E1A08B0820024B645 /* 31.jpg in Resources */ = {isa = PBXBuildFile; fileRef = CC1AE62A1A08B0820024B645 /* 31.jpg */; };
		CC1AE63F1A08B0820024B645 /* 32.jpg in Resources */ = {isa = PBXBuildFile; fileRef = CC1AE62B1A08B0820024B645 /* 32.jpg */; };
		CC1AE6401A08B0820024B645 /* 33.jpg in Resources */ = {isa = PBXBuildFile; fileRef = CC1AE62C1A08B0820024B645 /* 33.jpg */; };
		CC1AE6411A08B0820024B645 /* 34.jpg in Resources */ = {isa = PBXBuildFile; fileRef = CC1AE62D1A08B0820024B645 /* 34.jpg */; };
		CC1AE6421A08B0820024B645 /* 35.jpg in Resources */ = {isa = PBXBuildFile; fileRef = CC1AE62E1A08B0820024B645 /* 35.jpg */; };
		CC1AE6431A08B0820024B645 /* 36.jpg in Resources */ = {isa = PBXBuildFile; fileRef = CC1AE62F1A08B0820024B645 /* 36.jpg */; };
		CC1AE6441A08B0820024B645 /* 37.jpg in Resources */ = {isa = PBXBuildFile; fileRef = CC1AE6301A08B0820024B645 /* 37.jpg */; };
		CC1AE6451A08B0820024B645 /* 38.jpg in Resources */ = {isa = PBXBuildFile; fileRef = CC1AE6311A08B0820024B645 /* 38.jpg */; };
		CC1AE6461A08B0820024B645 /* 39.jpg in Resources */ = {isa = PBXBuildFile; fileRef = CC1AE6321A08B0820024B645 /* 39.jpg */; };
		CC1AE6471A08B0820024B645 /* 40.jpg in Resources */ = {isa = PBXBuildFile; fileRef = CC1AE6331A08B0820024B645 /* 40.jpg */; };
		CC1AE6481A08B0820024B645 /* 41.jpg in Resources */ = {isa = PBXBuildFile; fileRef = CC1AE6341A08B0820024B645 /* 41.jpg */; };
		CC1AE6491A08B0820024B645 /* 42.jpg in Resources */ = {isa = PBXBuildFile; fileRef = CC1AE6351A08B0820024B645 /* 42.jpg */; };
		CC1AE64A1A08B0820024B645 /* 43.jpg in Resources */ = {isa = PBXBuildFile; fileRef = CC1AE6361A08B0820024B645 /* 43.jpg */; };
		CC1AE64B1A08B0820024B645 /* 44.gif in Resources */ = {isa = PBXBuildFile; fileRef = CC1AE6371A08B0820024B645 /* 44.gif */; };
		CC1AE64C1A08B0820024B645 /* 45.jpg in Resources */ = {isa = PBXBuildFile; fileRef = CC1AE6381A08B0820024B645 /* 45.jpg */; };
		CC1AE64D1A08B0820024B645 /* 46.jpg in Resources */ = {isa = PBXBuildFile; fileRef = CC1AE6391A08B0820024B645 /* 46.jpg */; };
		CC1AE64E1A08B0820024B645 /* 47.jpg in Resources */ = {isa = PBXBuildFile; fileRef = CC1AE63A1A08B0820024B645 /* 47.jpg */; };
		CC1AE64F1A08B0820024B645 /* 48.jpg in Resources */ = {isa = PBXBuildFile; fileRef = CC1AE63B1A08B0820024B645 /* 48.jpg */; };
		CC1AE6501A08B0820024B645 /* 49.jpg in Resources */ = {isa = PBXBuildFile; fileRef = CC1AE63C1A08B0820024B645 /* 49.jpg */; };
		CC1AE6511A08B0820024B645 /* 50.jpg in Resources */ = {isa = PBXBuildFile; fileRef = CC1AE63D1A08B0820024B645 /* 50.jpg */; };
/* End PBXBuildFile section */

/* Begin PBXContainerItemProxy section */
		CC0BB6221A07588700C03208 /* PBXContainerItemProxy */ = {
			isa = PBXContainerItemProxy;
			containerPortal = CC0BB5FA1A07588700C03208 /* Project object */;
			proxyType = 1;
			remoteGlobalIDString = CC0BB6011A07588700C03208;
			remoteInfo = registerWeb;
		};
/* End PBXContainerItemProxy section */

/* Begin PBXFileReference section */
		CC0BB6021A07588700C03208 /* registerWeb.app */ = {isa = PBXFileReference; explicitFileType = wrapper.application; includeInIndex = 0; path = registerWeb.app; sourceTree = BUILT_PRODUCTS_DIR; };
		CC0BB6051A07588700C03208 /* Foundation.framework */ = {isa = PBXFileReference; lastKnownFileType = wrapper.framework; name = Foundation.framework; path = System/Library/Frameworks/Foundation.framework; sourceTree = SDKROOT; };
		CC0BB6071A07588700C03208 /* CoreGraphics.framework */ = {isa = PBXFileReference; lastKnownFileType = wrapper.framework; name = CoreGraphics.framework; path = System/Library/Frameworks/CoreGraphics.framework; sourceTree = SDKROOT; };
		CC0BB6091A07588700C03208 /* UIKit.framework */ = {isa = PBXFileReference; lastKnownFileType = wrapper.framework; name = UIKit.framework; path = System/Library/Frameworks/UIKit.framework; sourceTree = SDKROOT; };
		CC0BB60D1A07588700C03208 /* registerWeb-Info.plist */ = {isa = PBXFileReference; lastKnownFileType = text.plist.xml; path = "registerWeb-Info.plist"; sourceTree = "<group>"; };
		CC0BB60F1A07588700C03208 /* en */ = {isa = PBXFileReference; lastKnownFileType = text.plist.strings; name = en; path = en.lproj/InfoPlist.strings; sourceTree = "<group>"; };
		CC0BB6111A07588700C03208 /* main.m */ = {isa = PBXFileReference; lastKnownFileType = sourcecode.c.objc; path = main.m; sourceTree = "<group>"; };
		CC0BB6131A07588700C03208 /* registerWeb-Prefix.pch */ = {isa = PBXFileReference; lastKnownFileType = sourcecode.c.h; path = "registerWeb-Prefix.pch"; sourceTree = "<group>"; };
		CC0BB6141A07588700C03208 /* QYAppDelegate.h */ = {isa = PBXFileReference; lastKnownFileType = sourcecode.c.h; path = QYAppDelegate.h; sourceTree = "<group>"; };
		CC0BB6151A07588700C03208 /* QYAppDelegate.m */ = {isa = PBXFileReference; lastKnownFileType = sourcecode.c.objc; path = QYAppDelegate.m; sourceTree = "<group>"; };
		CC0BB6171A07588700C03208 /* Images.xcassets */ = {isa = PBXFileReference; lastKnownFileType = folder.assetcatalog; path = Images.xcassets; sourceTree = "<group>"; };
		CC0BB61D1A07588700C03208 /* registerWebTests.xctest */ = {isa = PBXFileReference; explicitFileType = wrapper.cfbundle; includeInIndex = 0; path = registerWebTests.xctest; sourceTree = BUILT_PRODUCTS_DIR; };
		CC0BB61E1A07588700C03208 /* XCTest.framework */ = {isa = PBXFileReference; lastKnownFileType = wrapper.framework; name = XCTest.framework; path = Library/Frameworks/XCTest.framework; sourceTree = DEVELOPER_DIR; };
		CC0BB6261A07588700C03208 /* registerWebTests-Info.plist */ = {isa = PBXFileReference; lastKnownFileType = text.plist.xml; path = "registerWebTests-Info.plist"; sourceTree = "<group>"; };
		CC0BB6281A07588700C03208 /* en */ = {isa = PBXFileReference; lastKnownFileType = text.plist.strings; name = en; path = en.lproj/InfoPlist.strings; sourceTree = "<group>"; };
		CC0BB62A1A07588700C03208 /* registerWebTests.m */ = {isa = PBXFileReference; lastKnownFileType = sourcecode.c.objc; path = registerWebTests.m; sourceTree = "<group>"; };
		CC0BB6341A07589400C03208 /* QYViewController.h */ = {isa = PBXFileReference; fileEncoding = 4; lastKnownFileType = sourcecode.c.h; path = QYViewController.h; sourceTree = "<group>"; };
		CC0BB6351A07589400C03208 /* QYViewController.m */ = {isa = PBXFileReference; fileEncoding = 4; lastKnownFileType = sourcecode.c.objc; path = QYViewController.m; sourceTree = "<group>"; };
		CC0BB6381A0758D600C03208 /* face.png */ = {isa = PBXFileReference; lastKnownFileType = image.png; path = face.png; sourceTree = "<group>"; };
		CC0BB63A1A0758FF00C03208 /* expression.png */ = {isa = PBXFileReference; lastKnownFileType = image.png; path = expression.png; sourceTree = "<group>"; };
		CC0BB63E1A07591D00C03208 /* hellokity.png */ = {isa = PBXFileReference; lastKnownFileType = image.png; path = hellokity.png; sourceTree = "<group>"; };
		CC0BB6441A07599B00C03208 /* mainBackGround.png */ = {isa = PBXFileReference; lastKnownFileType = image.png; path = mainBackGround.png; sourceTree = "<group>"; };
		CC0BB6481A0759CB00C03208 /* emil.png */ = {isa = PBXFileReference; lastKnownFileType = image.png; path = emil.png; sourceTree = "<group>"; };
		CC0BB6491A0759CB00C03208 /* human.png */ = {isa = PBXFileReference; lastKnownFileType = image.png; path = human.png; sourceTree = "<group>"; };
		CC0BB64A1A0759CB00C03208 /* lock.png */ = {isa = PBXFileReference; lastKnownFileType = image.png; path = lock.png; sourceTree = "<group>"; };
		CC0BB64B1A0759CB00C03208 /* phone.png */ = {isa = PBXFileReference; lastKnownFileType = image.png; path = phone.png; sourceTree = "<group>"; };
		CC0BB64C1A0759CB00C03208 /* registerPlus-Info.plist */ = {isa = PBXFileReference; fileEncoding = 4; lastKnownFileType = text.plist.xml; path = "registerPlus-Info.plist"; sourceTree = "<group>"; };
		CC0BB6691A07AB6500C03208 /* RegrViewController.h */ = {isa = PBXFileReference; fileEncoding = 4; lastKnownFileType = sourcecode.c.h; path = RegrViewController.h; sourceTree = "<group>"; };
		CC0BB66A1A07AB6500C03208 /* RegViewController.m */ = {isa = PBXFileReference; fileEncoding = 4; lastKnownFileType = sourcecode.c.objc; path = RegViewController.m; sourceTree = "<group>"; };
		CC12801D1A07BB2C009802B0 /* GithubPageViewController.h */ = {isa = PBXFileReference; fileEncoding = 4; lastKnownFileType = sourcecode.c.h; path = GithubPageViewController.h; sourceTree = "<group>"; };
		CC12801E1A07BB2C009802B0 /* GithubPageViewController.m */ = {isa = PBXFileReference; fileEncoding = 4; lastKnownFileType = sourcecode.c.objc; path = GithubPageViewController.m; sourceTree = "<group>"; };
		CC1AE5BD1A08696D0024B645 /* registerBackGround.jpg */ = {isa = PBXFileReference; lastKnownFileType = image.jpeg; path = registerBackGround.jpg; sourceTree = "<group>"; };
		CC1AE5C11A086B4A0024B645 /* leaf.png */ = {isa = PBXFileReference; lastKnownFileType = image.png; path = leaf.png; sourceTree = "<group>"; };
		CC1AE5C31A086B7B0024B645 /* githubBackGround.jpg */ = {isa = PBXFileReference; lastKnownFileType = image.jpeg; path = githubBackGround.jpg; sourceTree = "<group>"; };
		CC1AE5E41A0895CF0024B645 /* CameraViewController.h */ = {isa = PBXFileReference; fileEncoding = 4; lastKnownFileType = sourcecode.c.h; path = CameraViewController.h; sourceTree = "<group>"; };
		CC1AE5E51A0895CF0024B645 /* CameraViewController.m */ = {isa = PBXFileReference; fileEncoding = 4; lastKnownFileType = sourcecode.c.objc; path = CameraViewController.m; sourceTree = "<group>"; };
		CC1AE5EC1A08ADC00024B645 /* photoBackGround.jpg */ = {isa = PBXFileReference; lastKnownFileType = image.jpeg; path = photoBackGround.jpg; sourceTree = "<group>"; };
		CC1AE5EE1A08B0680024B645 /* 1.jpg */ = {isa = PBXFileReference; lastKnownFileType = image.jpeg; path = 1.jpg; sourceTree = "<group>"; };
		CC1AE5EF1A08B0680024B645 /* 2.jpg */ = {isa = PBXFileReference; lastKnownFileType = image.jpeg; path = 2.jpg; sourceTree = "<group>"; };
		CC1AE5F01A08B0680024B645 /* 3.jpg */ = {isa = PBXFileReference; lastKnownFileType = image.jpeg; path = 3.jpg; sourceTree = "<group>"; };
		CC1AE5F11A08B0680024B645 /* 4.jpg */ = {isa = PBXFileReference; lastKnownFileType = image.jpeg; path = 4.jpg; sourceTree = "<group>"; };
		CC1AE5F21A08B0680024B645 /* 5.jpg */ = {isa = PBXFileReference; lastKnownFileType = image.jpeg; path = 5.jpg; sourceTree = "<group>"; };
		CC1AE5F31A08B0680024B645 /* 6.jpg */ = {isa = PBXFileReference; lastKnownFileType = image.jpeg; path = 6.jpg; sourceTree = "<group>"; };
		CC1AE5F41A08B0680024B645 /* 7.jpg */ = {isa = PBXFileReference; lastKnownFileType = image.jpeg; path = 7.jpg; sourceTree = "<group>"; };
		CC1AE5F51A08B0680024B645 /* 8.jpg */ = {isa = PBXFileReference; lastKnownFileType = image.jpeg; path = 8.jpg; sourceTree = "<group>"; };
		CC1AE5F61A08B0680024B645 /* 9.jpg */ = {isa = PBXFileReference; lastKnownFileType = image.jpeg; path = 9.jpg; sourceTree = "<group>"; };
		CC1AE5F71A08B0680024B645 /* 10.jpg */ = {isa = PBXFileReference; lastKnownFileType = image.jpeg; path = 10.jpg; sourceTree = "<group>"; };
		CC1AE5F81A08B0680024B645 /* 11.jpg */ = {isa = PBXFileReference; lastKnownFileType = image.jpeg; path = 11.jpg; sourceTree = "<group>"; };
		CC1AE5F91A08B0680024B645 /* 12.jpg */ = {isa = PBXFileReference; lastKnownFileType = image.jpeg; path = 12.jpg; sourceTree = "<group>"; };
		CC1AE5FA1A08B0680024B645 /* 13.jpg */ = {isa = PBXFileReference; lastKnownFileType = image.jpeg; path = 13.jpg; sourceTree = "<group>"; };
		CC1AE5FB1A08B0680024B645 /* 14.jpg */ = {isa = PBXFileReference; lastKnownFileType = image.jpeg; path = 14.jpg; sourceTree = "<group>"; };
		CC1AE5FC1A08B0680024B645 /* 15.jpg */ = {isa = PBXFileReference; lastKnownFileType = image.jpeg; path = 15.jpg; sourceTree = "<group>"; };
		CC1AE5FD1A08B0680024B645 /* 16.jpg */ = {isa = PBXFileReference; lastKnownFileType = image.jpeg; path = 16.jpg; sourceTree = "<group>"; };
		CC1AE5FE1A08B0680024B645 /* 17.jpg */ = {isa = PBXFileReference; lastKnownFileType = image.jpeg; path = 17.jpg; sourceTree = "<group>"; };
		CC1AE5FF1A08B0680024B645 /* 18.jpg */ = {isa = PBXFileReference; lastKnownFileType = image.jpeg; path = 18.jpg; sourceTree = "<group>"; };
		CC1AE6001A08B0680024B645 /* 19.jpg */ = {isa = PBXFileReference; lastKnownFileType = image.jpeg; path = 19.jpg; sourceTree = "<group>"; };
		CC1AE6011A08B0680024B645 /* 20.jpg */ = {isa = PBXFileReference; lastKnownFileType = image.jpeg; path = 20.jpg; sourceTree = "<group>"; };
		CC1AE6021A08B0680024B645 /* 21.jpg */ = {isa = PBXFileReference; lastKnownFileType = image.jpeg; path = 21.jpg; sourceTree = "<group>"; };
		CC1AE6031A08B0680024B645 /* 22.jpg */ = {isa = PBXFileReference; lastKnownFileType = image.jpeg; path = 22.jpg; sourceTree = "<group>"; };
		CC1AE6041A08B0680024B645 /* 23.jpg */ = {isa = PBXFileReference; lastKnownFileType = image.jpeg; path = 23.jpg; sourceTree = "<group>"; };
		CC1AE6051A08B0680024B645 /* 24.jpg */ = {isa = PBXFileReference; lastKnownFileType = image.jpeg; path = 24.jpg; sourceTree = "<group>"; };
		CC1AE6061A08B0680024B645 /* 25.jpg */ = {isa = PBXFileReference; lastKnownFileType = image.jpeg; path = 25.jpg; sourceTree = "<group>"; };
		CC1AE6071A08B0680024B645 /* 26.jpg */ = {isa = PBXFileReference; lastKnownFileType = image.jpeg; path = 26.jpg; sourceTree = "<group>"; };
		CC1AE6081A08B0680024B645 /* 27.jpg */ = {isa = PBXFileReference; lastKnownFileType = image.jpeg; path = 27.jpg; sourceTree = "<group>"; };
		CC1AE6091A08B0680024B645 /* 28.jpg */ = {isa = PBXFileReference; lastKnownFileType = image.jpeg; path = 28.jpg; sourceTree = "<group>"; };
		CC1AE60A1A08B0680024B645 /* 29.jpg */ = {isa = PBXFileReference; lastKnownFileType = image.jpeg; path = 29.jpg; sourceTree = "<group>"; };
		CC1AE60B1A08B0680024B645 /* 30.jpg */ = {isa = PBXFileReference; lastKnownFileType = image.jpeg; path = 30.jpg; sourceTree = "<group>"; };
		CC1AE62A1A08B0820024B645 /* 31.jpg */ = {isa = PBXFileReference; lastKnownFileType = image.jpeg; path = 31.jpg; sourceTree = "<group>"; };
		CC1AE62B1A08B0820024B645 /* 32.jpg */ = {isa = PBXFileReference; lastKnownFileType = image.jpeg; path = 32.jpg; sourceTree = "<group>"; };
		CC1AE62C1A08B0820024B645 /* 33.jpg */ = {isa = PBXFileReference; lastKnownFileType = image.jpeg; path = 33.jpg; sourceTree = "<group>"; };
		CC1AE62D1A08B0820024B645 /* 34.jpg */ = {isa = PBXFileReference; lastKnownFileType = image.jpeg; path = 34.jpg; sourceTree = "<group>"; };
		CC1AE62E1A08B0820024B645 /* 35.jpg */ = {isa = PBXFileReference; lastKnownFileType = image.jpeg; path = 35.jpg; sourceTree = "<group>"; };
		CC1AE62F1A08B0820024B645 /* 36.jpg */ = {isa = PBXFileReference; lastKnownFileType = image.jpeg; path = 36.jpg; sourceTree = "<group>"; };
		CC1AE6301A08B0820024B645 /* 37.jpg */ = {isa = PBXFileReference; lastKnownFileType = image.jpeg; path = 37.jpg; sourceTree = "<group>"; };
		CC1AE6311A08B0820024B645 /* 38.jpg */ = {isa = PBXFileReference; lastKnownFileType = image.jpeg; path = 38.jpg; sourceTree = "<group>"; };
		CC1AE6321A08B0820024B645 /* 39.jpg */ = {isa = PBXFileReference; lastKnownFileType = image.jpeg; path = 39.jpg; sourceTree = "<group>"; };
		CC1AE6331A08B0820024B645 /* 40.jpg */ = {isa = PBXFileReference; lastKnownFileType = image.jpeg; path = 40.jpg; sourceTree = "<group>"; };
		CC1AE6341A08B0820024B645 /* 41.jpg */ = {isa = PBXFileReference; lastKnownFileType = image.jpeg; path = 41.jpg; sourceTree = "<group>"; };
		CC1AE6351A08B0820024B645 /* 42.jpg */ = {isa = PBXFileReference; lastKnownFileType = image.jpeg; path = 42.jpg; sourceTree = "<group>"; };
		CC1AE6361A08B0820024B645 /* 43.jpg */ = {isa = PBXFileReference; lastKnownFileType = image.jpeg; path = 43.jpg; sourceTree = "<group>"; };
		CC1AE6371A08B0820024B645 /* 44.gif */ = {isa = PBXFileReference; lastKnownFileType = image.gif; path = 44.gif; sourceTree = "<group>"; };
		CC1AE6381A08B0820024B645 /* 45.jpg */ = {isa = PBXFileReference; lastKnownFileType = image.jpeg; path = 45.jpg; sourceTree = "<group>"; };
		CC1AE6391A08B0820024B645 /* 46.jpg */ = {isa = PBXFileReference; lastKnownFileType = image.jpeg; path = 46.jpg; sourceTree = "<group>"; };
		CC1AE63A1A08B0820024B645 /* 47.jpg */ = {isa = PBXFileReference; lastKnownFileType = image.jpeg; path = 47.jpg; sourceTree = "<group>"; };
		CC1AE63B1A08B0820024B645 /* 48.jpg */ = {isa = PBXFileReference; lastKnownFileType = image.jpeg; path = 48.jpg; sourceTree = "<group>"; };
		CC1AE63C1A08B0820024B645 /* 49.jpg */ = {isa = PBXFileReference; lastKnownFileType = image.jpeg; path = 49.jpg; sourceTree = "<group>"; };
		CC1AE63D1A08B0820024B645 /* 50.jpg */ = {isa = PBXFileReference; lastKnownFileType = image.jpeg; path = 50.jpg; sourceTree = "<group>"; };
/* End PBXFileReference section */

/* Begin PBXFrameworksBuildPhase section */
		CC0BB5FF1A07588700C03208 /* Frameworks */ = {
			isa = PBXFrameworksBuildPhase;
			buildActionMask = 2147483647;
			files = (
				CC0BB6081A07588700C03208 /* CoreGraphics.framework in Frameworks */,
				CC0BB60A1A07588700C03208 /* UIKit.framework in Frameworks */,
				CC0BB6061A07588700C03208 /* Foundation.framework in Frameworks */,
			);
			runOnlyForDeploymentPostprocessing = 0;
		};
		CC0BB61A1A07588700C03208 /* Frameworks */ = {
			isa = PBXFrameworksBuildPhase;
			buildActionMask = 2147483647;
			files = (
				CC0BB61F1A07588700C03208 /* XCTest.framework in Frameworks */,
				CC0BB6211A07588700C03208 /* UIKit.framework in Frameworks */,
				CC0BB6201A07588700C03208 /* Foundation.framework in Frameworks */,
			);
			runOnlyForDeploymentPostprocessing = 0;
		};
/* End PBXFrameworksBuildPhase section */

/* Begin PBXGroup section */
		CC0BB5F91A07588700C03208 = {
			isa = PBXGroup;
			children = (
				CC0BB60B1A07588700C03208 /* registerWeb */,
				CC0BB6241A07588700C03208 /* registerWebTests */,
				CC0BB6041A07588700C03208 /* Frameworks */,
				CC0BB6031A07588700C03208 /* Products */,
			);
			sourceTree = "<group>";
		};
		CC0BB6031A07588700C03208 /* Products */ = {
			isa = PBXGroup;
			children = (
				CC0BB6021A07588700C03208 /* registerWeb.app */,
				CC0BB61D1A07588700C03208 /* registerWebTests.xctest */,
			);
			name = Products;
			sourceTree = "<group>";
		};
		CC0BB6041A07588700C03208 /* Frameworks */ = {
			isa = PBXGroup;
			children = (
				CC0BB6051A07588700C03208 /* Foundation.framework */,
				CC0BB6071A07588700C03208 /* CoreGraphics.framework */,
				CC0BB6091A07588700C03208 /* UIKit.framework */,
				CC0BB61E1A07588700C03208 /* XCTest.framework */,
			);
			name = Frameworks;
			sourceTree = "<group>";
		};
		CC0BB60B1A07588700C03208 /* registerWeb */ = {
			isa = PBXGroup;
			children = (
				CC0BB6141A07588700C03208 /* QYAppDelegate.h */,
				CC0BB6151A07588700C03208 /* QYAppDelegate.m */,
				CC0BB6341A07589400C03208 /* QYViewController.h */,
				CC0BB6351A07589400C03208 /* QYViewController.m */,
				CC0BB6691A07AB6500C03208 /* RegrViewController.h */,
				CC0BB66A1A07AB6500C03208 /* RegViewController.m */,
				CC12801D1A07BB2C009802B0 /* GithubPageViewController.h */,
				CC12801E1A07BB2C009802B0 /* GithubPageViewController.m */,
				CC1AE5E41A0895CF0024B645 /* CameraViewController.h */,
				CC1AE5E51A0895CF0024B645 /* CameraViewController.m */,
				CC0BB6171A07588700C03208 /* Images.xcassets */,
				CC0BB60C1A07588700C03208 /* Supporting Files */,
			);
			path = registerWeb;
			sourceTree = "<group>";
		};
		CC0BB60C1A07588700C03208 /* Supporting Files */ = {
			isa = PBXGroup;
			children = (
				CC0BB6371A0758A700C03208 /* images */,
				CC0BB60D1A07588700C03208 /* registerWeb-Info.plist */,
				CC0BB60E1A07588700C03208 /* InfoPlist.strings */,
				CC0BB6111A07588700C03208 /* main.m */,
				CC0BB6131A07588700C03208 /* registerWeb-Prefix.pch */,
			);
			name = "Supporting Files";
			sourceTree = "<group>";
		};
		CC0BB6241A07588700C03208 /* registerWebTests */ = {
			isa = PBXGroup;
			children = (
				CC0BB62A1A07588700C03208 /* registerWebTests.m */,
				CC0BB6251A07588700C03208 /* Supporting Files */,
			);
			path = registerWebTests;
			sourceTree = "<group>";
		};
		CC0BB6251A07588700C03208 /* Supporting Files */ = {
			isa = PBXGroup;
			children = (
				CC0BB6261A07588700C03208 /* registerWebTests-Info.plist */,
				CC0BB6271A07588700C03208 /* InfoPlist.strings */,
			);
			name = "Supporting Files";
			sourceTree = "<group>";
		};
		CC0BB6371A0758A700C03208 /* images */ = {
			isa = PBXGroup;
			children = (
				CC1AE5EE1A08B0680024B645 /* 1.jpg */,
				CC1AE5EF1A08B0680024B645 /* 2.jpg */,
				CC1AE5F01A08B0680024B645 /* 3.jpg */,
				CC1AE5F11A08B0680024B645 /* 4.jpg */,
				CC1AE5F21A08B0680024B645 /* 5.jpg */,
				CC1AE5F31A08B0680024B645 /* 6.jpg */,
				CC1AE5F41A08B0680024B645 /* 7.jpg */,
				CC1AE5F51A08B0680024B645 /* 8.jpg */,
				CC1AE5F61A08B0680024B645 /* 9.jpg */,
				CC1AE5F71A08B0680024B645 /* 10.jpg */,
				CC1AE5F81A08B0680024B645 /* 11.jpg */,
				CC1AE5F91A08B0680024B645 /* 12.jpg */,
				CC1AE5FA1A08B0680024B645 /* 13.jpg */,
				CC1AE5FB1A08B0680024B645 /* 14.jpg */,
				CC1AE5FC1A08B0680024B645 /* 15.jpg */,
				CC1AE5FD1A08B0680024B645 /* 16.jpg */,
				CC1AE5FE1A08B0680024B645 /* 17.jpg */,
				CC1AE5FF1A08B0680024B645 /* 18.jpg */,
				CC1AE6001A08B0680024B645 /* 19.jpg */,
				CC1AE6011A08B0680024B645 /* 20.jpg */,
				CC1AE6021A08B0680024B645 /* 21.jpg */,
				CC1AE6031A08B0680024B645 /* 22.jpg */,
				CC1AE6041A08B0680024B645 /* 23.jpg */,
				CC1AE6051A08B0680024B645 /* 24.jpg */,
				CC1AE6061A08B0680024B645 /* 25.jpg */,
				CC1AE6071A08B0680024B645 /* 26.jpg */,
				CC1AE6081A08B0680024B645 /* 27.jpg */,
				CC1AE6091A08B0680024B645 /* 28.jpg */,
				CC1AE60A1A08B0680024B645 /* 29.jpg */,
				CC1AE60B1A08B0680024B645 /* 30.jpg */,
				CC1AE62A1A08B0820024B645 /* 31.jpg */,
				CC1AE62B1A08B0820024B645 /* 32.jpg */,
				CC1AE62C1A08B0820024B645 /* 33.jpg */,
				CC1AE62D1A08B0820024B645 /* 34.jpg */,
				CC1AE62E1A08B0820024B645 /* 35.jpg */,
				CC1AE62F1A08B0820024B645 /* 36.jpg */,
				CC1AE6301A08B0820024B645 /* 37.jpg */,
				CC1AE6311A08B0820024B645 /* 38.jpg */,
				CC1AE6321A08B0820024B645 /* 39.jpg */,
				CC1AE6331A08B0820024B645 /* 40.jpg */,
				CC1AE6341A08B0820024B645 /* 41.jpg */,
				CC1AE6351A08B0820024B645 /* 42.jpg */,
				CC1AE6361A08B0820024B645 /* 43.jpg */,
				CC1AE6371A08B0820024B645 /* 44.gif */,
				CC1AE6381A08B0820024B645 /* 45.jpg */,
				CC1AE6391A08B0820024B645 /* 46.jpg */,
				CC1AE63A1A08B0820024B645 /* 47.jpg */,
				CC1AE63B1A08B0820024B645 /* 48.jpg */,
				CC1AE63C1A08B0820024B645 /* 49.jpg */,
				CC1AE63D1A08B0820024B645 /* 50.jpg */,
				CC1AE5EC1A08ADC00024B645 /* photoBackGround.jpg */,
				CC1AE5C31A086B7B0024B645 /* githubBackGround.jpg */,
				CC1AE5C11A086B4A0024B645 /* leaf.png */,
				CC1AE5BD1A08696D0024B645 /* registerBackGround.jpg */,
				CC0BB6481A0759CB00C03208 /* emil.png */,
				CC0BB6491A0759CB00C03208 /* human.png */,
				CC0BB64A1A0759CB00C03208 /* lock.png */,
				CC0BB64B1A0759CB00C03208 /* phone.png */,
				CC0BB6441A07599B00C03208 /* mainBackGround.png */,
				CC0BB63E1A07591D00C03208 /* hellokity.png */,
				CC0BB63A1A0758FF00C03208 /* expression.png */,
				CC0BB6381A0758D600C03208 /* face.png */,
				CC0BB64C1A0759CB00C03208 /* registerPlus-Info.plist */,
			);
			name = images;
			sourceTree = "<group>";
		};
/* End PBXGroup section */

/* Begin PBXNativeTarget section */
		CC0BB6011A07588700C03208 /* registerWeb */ = {
			isa = PBXNativeTarget;
			buildConfigurationList = CC0BB62E1A07588700C03208 /* Build configuration list for PBXNativeTarget "registerWeb" */;
			buildPhases = (
				CC0BB5FE1A07588700C03208 /* Sources */,
				CC0BB5FF1A07588700C03208 /* Frameworks */,
				CC0BB6001A07588700C03208 /* Resources */,
			);
			buildRules = (
			);
			dependencies = (
			);
			name = registerWeb;
			productName = registerWeb;
			productReference = CC0BB6021A07588700C03208 /* registerWeb.app */;
			productType = "com.apple.product-type.application";
		};
		CC0BB61C1A07588700C03208 /* registerWebTests */ = {
			isa = PBXNativeTarget;
			buildConfigurationList = CC0BB6311A07588700C03208 /* Build configuration list for PBXNativeTarget "registerWebTests" */;
			buildPhases = (
				CC0BB6191A07588700C03208 /* Sources */,
				CC0BB61A1A07588700C03208 /* Frameworks */,
				CC0BB61B1A07588700C03208 /* Resources */,
			);
			buildRules = (
			);
			dependencies = (
				CC0BB6231A07588700C03208 /* PBXTargetDependency */,
			);
			name = registerWebTests;
			productName = registerWebTests;
			productReference = CC0BB61D1A07588700C03208 /* registerWebTests.xctest */;
			productType = "com.apple.product-type.bundle.unit-test";
		};
/* End PBXNativeTarget section */

/* Begin PBXProject section */
		CC0BB5FA1A07588700C03208 /* Project object */ = {
			isa = PBXProject;
			attributes = {
				CLASSPREFIX = QY;
				LastUpgradeCheck = 0510;
				ORGANIZATIONNAME = hnqingyun;
				TargetAttributes = {
					CC0BB61C1A07588700C03208 = {
						TestTargetID = CC0BB6011A07588700C03208;
					};
				};
			};
			buildConfigurationList = CC0BB5FD1A07588700C03208 /* Build configuration list for PBXProject "registerWeb" */;
			compatibilityVersion = "Xcode 3.2";
			developmentRegion = English;
			hasScannedForEncodings = 0;
			knownRegions = (
				en,
			);
			mainGroup = CC0BB5F91A07588700C03208;
			productRefGroup = CC0BB6031A07588700C03208 /* Products */;
			projectDirPath = "";
			projectRoot = "";
			targets = (
				CC0BB6011A07588700C03208 /* registerWeb */,
				CC0BB61C1A07588700C03208 /* registerWebTests */,
			);
		};
/* End PBXProject section */

/* Begin PBXResourcesBuildPhase section */
		CC0BB6001A07588700C03208 /* Resources */ = {
			isa = PBXResourcesBuildPhase;
			buildActionMask = 2147483647;
			files = (
				CC1AE6511A08B0820024B645 /* 50.jpg in Resources */,
				CC1AE6471A08B0820024B645 /* 40.jpg in Resources */,
				CC1AE61F1A08B0680024B645 /* 20.jpg in Resources */,
				CC1AE6481A08B0820024B645 /* 41.jpg in Resources */,
				CC1AE6251A08B0680024B645 /* 26.jpg in Resources */,
				CC1AE6151A08B0680024B645 /* 10.jpg in Resources */,
				CC1AE6461A08B0820024B645 /* 39.jpg in Resources */,
				CC1AE6111A08B0680024B645 /* 6.jpg in Resources */,
				CC0BB63F1A07591D00C03208 /* hellokity.png in Resources */,
				CC1AE6271A08B0680024B645 /* 28.jpg in Resources */,
				CC1AE6101A08B0680024B645 /* 5.jpg in Resources */,
				CC1AE64A1A08B0820024B645 /* 43.jpg in Resources */,
				CC0BB6521A0759CB00C03208 /* phone.png in Resources */,
				CC1AE6281A08B0680024B645 /* 29.jpg in Resources */,
				CC1AE6431A08B0820024B645 /* 36.jpg in Resources */,
				CC1AE61A1A08B0680024B645 /* 15.jpg in Resources */,
				CC0BB6531A0759CB00C03208 /* registerPlus-Info.plist in Resources */,
				CC1AE63E1A08B0820024B645 /* 31.jpg in Resources */,
				CC1AE61B1A08B0680024B645 /* 16.jpg in Resources */,
				CC0BB64F1A0759CB00C03208 /* emil.png in Resources */,
				CC1AE6221A08B0680024B645 /* 23.jpg in Resources */,
				CC0BB6501A0759CB00C03208 /* human.png in Resources */,
				CC1AE60D1A08B0680024B645 /* 2.jpg in Resources */,
				CC1AE6231A08B0680024B645 /* 24.jpg in Resources */,
				CC1AE60F1A08B0680024B645 /* 4.jpg in Resources */,
				CC1AE60C1A08B0680024B645 /* 1.jpg in Resources */,
				CC1AE64B1A08B0820024B645 /* 44.gif in Resources */,
				CC1AE6171A08B0680024B645 /* 12.jpg in Resources */,
				CC1AE5BE1A08696D0024B645 /* registerBackGround.jpg in Resources */,
				CC1AE6201A08B0680024B645 /* 21.jpg in Resources */,
				CC1AE6181A08B0680024B645 /* 13.jpg in Resources */,
				CC1AE63F1A08B0820024B645 /* 32.jpg in Resources */,
				CC1AE6491A08B0820024B645 /* 42.jpg in Resources */,
				CC1AE6241A08B0680024B645 /* 25.jpg in Resources */,
				CC1AE6121A08B0680024B645 /* 7.jpg in Resources */,
				CC1AE6501A08B0820024B645 /* 49.jpg in Resources */,
				CC1AE6401A08B0820024B645 /* 33.jpg in Resources */,
				CC1AE6161A08B0680024B645 /* 11.jpg in Resources */,
				CC1AE64D1A08B0820024B645 /* 46.jpg in Resources */,
				CC1AE6411A08B0820024B645 /* 34.jpg in Resources */,
				CC0BB6511A0759CB00C03208 /* lock.png in Resources */,
				CC1AE60E1A08B0680024B645 /* 3.jpg in Resources */,
				CC0BB6451A07599B00C03208 /* mainBackGround.png in Resources */,
				CC1AE6191A08B0680024B645 /* 14.jpg in Resources */,
				CC1AE6291A08B0680024B645 /* 30.jpg in Resources */,
				CC1AE6421A08B0820024B645 /* 35.jpg in Resources */,
				CC1AE64F1A08B0820024B645 /* 48.jpg in Resources */,
				CC1AE64E1A08B0820024B645 /* 47.jpg in Resources */,
				CC1AE6261A08B0680024B645 /* 27.jpg in Resources */,
				CC0BB63B1A0758FF00C03208 /* expression.png in Resources */,
				CC1AE6441A08B0820024B645 /* 37.jpg in Resources */,
				CC1AE61E1A08B0680024B645 /* 19.jpg in Resources */,
				CC1AE61D1A08B0680024B645 /* 18.jpg in Resources */,
				CC1AE5C21A086B4A0024B645 /* leaf.png in Resources */,
				CC1AE6131A08B0680024B645 /* 8.jpg in Resources */,
				CC1AE64C1A08B0820024B645 /* 45.jpg in Resources */,
				CC0BB6101A07588700C03208 /* InfoPlist.strings in Resources */,
				CC1AE5ED1A08ADC00024B645 /* photoBackGround.jpg in Resources */,
				CC1AE5C41A086B7B0024B645 /* githubBackGround.jpg in Resources */,
				CC1AE6211A08B0680024B645 /* 22.jpg in Resources */,
				CC1AE6141A08B0680024B645 /* 9.jpg in Resources */,
				CC1AE61C1A08B0680024B645 /* 17.jpg in Resources */,
				CC0BB6181A07588700C03208 /* Images.xcassets in Resources */,
				CC0BB6391A0758D600C03208 /* face.png in Resources */,
				CC1AE6451A08B0820024B645 /* 38.jpg in Resources */,
			);
			runOnlyForDeploymentPostprocessing = 0;
		};
		CC0BB61B1A07588700C03208 /* Resources */ = {
			isa = PBXResourcesBuildPhase;
			buildActionMask = 2147483647;
			files = (
				CC0BB6291A07588700C03208 /* InfoPlist.strings in Resources */,
			);
			runOnlyForDeploymentPostprocessing = 0;
		};
/* End PBXResourcesBuildPhase section */

/* Begin PBXSourcesBuildPhase section */
		CC0BB5FE1A07588700C03208 /* Sources */ = {
			isa = PBXSourcesBuildPhase;
			buildActionMask = 2147483647;
			files = (
				CC12801F1A07BB2C009802B0 /* GithubPageViewController.m in Sources */,
				CC0BB6161A07588700C03208 /* QYAppDelegate.m in Sources */,
				CC0BB6121A07588700C03208 /* main.m in Sources */,
				CC1AE5E61A0895CF0024B645 /* CameraViewController.m in Sources */,
				CC0BB6361A07589400C03208 /* QYViewController.m in Sources */,
				CC0BB66B1A07AB6500C03208 /* RegViewController.m in Sources */,
			);
			runOnlyForDeploymentPostprocessing = 0;
		};
		CC0BB6191A07588700C03208 /* Sources */ = {
			isa = PBXSourcesBuildPhase;
			buildActionMask = 2147483647;
			files = (
				CC0BB62B1A07588700C03208 /* registerWebTests.m in Sources */,
			);
			runOnlyForDeploymentPostprocessing = 0;
		};
/* End PBXSourcesBuildPhase section */

/* Begin PBXTargetDependency section */
		CC0BB6231A07588700C03208 /* PBXTargetDependency */ = {
			isa = PBXTargetDependency;
			target = CC0BB6011A07588700C03208 /* registerWeb */;
			targetProxy = CC0BB6221A07588700C03208 /* PBXContainerItemProxy */;
		};
/* End PBXTargetDependency section */

/* Begin PBXVariantGroup section */
		CC0BB60E1A07588700C03208 /* InfoPlist.strings */ = {
			isa = PBXVariantGroup;
			children = (
				CC0BB60F1A07588700C03208 /* en */,
			);
			name = InfoPlist.strings;
			sourceTree = "<group>";
		};
		CC0BB6271A07588700C03208 /* InfoPlist.strings */ = {
			isa = PBXVariantGroup;
			children = (
				CC0BB6281A07588700C03208 /* en */,
			);
			name = InfoPlist.strings;
			sourceTree = "<group>";
		};
/* End PBXVariantGroup section */

/* Begin XCBuildConfiguration section */
		CC0BB62C1A07588700C03208 /* Debug */ = {
			isa = XCBuildConfiguration;
			buildSettings = {
				ALWAYS_SEARCH_USER_PATHS = NO;
				CLANG_CXX_LANGUAGE_STANDARD = "gnu++0x";
				CLANG_CXX_LIBRARY = "libc++";
				CLANG_ENABLE_MODULES = YES;
				CLANG_ENABLE_OBJC_ARC = YES;
				CLANG_WARN_BOOL_CONVERSION = YES;
				CLANG_WARN_CONSTANT_CONVERSION = YES;
				CLANG_WARN_DIRECT_OBJC_ISA_USAGE = YES_ERROR;
				CLANG_WARN_EMPTY_BODY = YES;
				CLANG_WARN_ENUM_CONVERSION = YES;
				CLANG_WARN_INT_CONVERSION = YES;
				CLANG_WARN_OBJC_ROOT_CLASS = YES_ERROR;
				CLANG_WARN__DUPLICATE_METHOD_MATCH = YES;
				"CODE_SIGN_IDENTITY[sdk=iphoneos*]" = "iPhone Developer";
				COPY_PHASE_STRIP = NO;
				GCC_C_LANGUAGE_STANDARD = gnu99;
				GCC_DYNAMIC_NO_PIC = NO;
				GCC_OPTIMIZATION_LEVEL = 0;
				GCC_PREPROCESSOR_DEFINITIONS = (
					"DEBUG=1",
					"$(inherited)",
				);
				GCC_SYMBOLS_PRIVATE_EXTERN = NO;
				GCC_WARN_64_TO_32_BIT_CONVERSION = YES;
				GCC_WARN_ABOUT_RETURN_TYPE = YES_ERROR;
				GCC_WARN_UNDECLARED_SELECTOR = YES;
				GCC_WARN_UNINITIALIZED_AUTOS = YES_AGGRESSIVE;
				GCC_WARN_UNUSED_FUNCTION = YES;
				GCC_WARN_UNUSED_VARIABLE = YES;
				IPHONEOS_DEPLOYMENT_TARGET = 7.1;
				ONLY_ACTIVE_ARCH = YES;
				SDKROOT = iphoneos;
			};
			name = Debug;
		};
		CC0BB62D1A07588700C03208 /* Release */ = {
			isa = XCBuildConfiguration;
			buildSettings = {
				ALWAYS_SEARCH_USER_PATHS = NO;
				CLANG_CXX_LANGUAGE_STANDARD = "gnu++0x";
				CLANG_CXX_LIBRARY = "libc++";
				CLANG_ENABLE_MODULES = YES;
				CLANG_ENABLE_OBJC_ARC = YES;
				CLANG_WARN_BOOL_CONVERSION = YES;
				CLANG_WARN_CONSTANT_CONVERSION = YES;
				CLANG_WARN_DIRECT_OBJC_ISA_USAGE = YES_ERROR;
				CLANG_WARN_EMPTY_BODY = YES;
				CLANG_WARN_ENUM_CONVERSION = YES;
				CLANG_WARN_INT_CONVERSION = YES;
				CLANG_WARN_OBJC_ROOT_CLASS = YES_ERROR;
				CLANG_WARN__DUPLICATE_METHOD_MATCH = YES;
				"CODE_SIGN_IDENTITY[sdk=iphoneos*]" = "iPhone Developer";
				COPY_PHASE_STRIP = YES;
				ENABLE_NS_ASSERTIONS = NO;
				GCC_C_LANGUAGE_STANDARD = gnu99;
				GCC_WARN_64_TO_32_BIT_CONVERSION = YES;
				GCC_WARN_ABOUT_RETURN_TYPE = YES_ERROR;
				GCC_WARN_UNDECLARED_SELECTOR = YES;
				GCC_WARN_UNINITIALIZED_AUTOS = YES_AGGRESSIVE;
				GCC_WARN_UNUSED_FUNCTION = YES;
				GCC_WARN_UNUSED_VARIABLE = YES;
				IPHONEOS_DEPLOYMENT_TARGET = 7.1;
				SDKROOT = iphoneos;
				VALIDATE_PRODUCT = YES;
			};
			name = Release;
		};
		CC0BB62F1A07588700C03208 /* Debug */ = {
			isa = XCBuildConfiguration;
			buildSettings = {
				ASSETCATALOG_COMPILER_APPICON_NAME = AppIcon;
				ASSETCATALOG_COMPILER_LAUNCHIMAGE_NAME = LaunchImage;
				GCC_PRECOMPILE_PREFIX_HEADER = YES;
				GCC_PREFIX_HEADER = "registerWeb/registerWeb-Prefix.pch";
				INFOPLIST_FILE = "registerWeb/registerWeb-Info.plist";
				PRODUCT_NAME = "$(TARGET_NAME)";
				WRAPPER_EXTENSION = app;
			};
			name = Debug;
		};
		CC0BB6301A07588700C03208 /* Release */ = {
			isa = XCBuildConfiguration;
			buildSettings = {
				ASSETCATALOG_COMPILER_APPICON_NAME = AppIcon;
				ASSETCATALOG_COMPILER_LAUNCHIMAGE_NAME = LaunchImage;
				GCC_PRECOMPILE_PREFIX_HEADER = YES;
				GCC_PREFIX_HEADER = "registerWeb/registerWeb-Prefix.pch";
				INFOPLIST_FILE = "registerWeb/registerWeb-Info.plist";
				PRODUCT_NAME = "$(TARGET_NAME)";
				WRAPPER_EXTENSION = app;
			};
			name = Release;
		};
		CC0BB6321A07588700C03208 /* Debug */ = {
			isa = XCBuildConfiguration;
			buildSettings = {
				BUNDLE_LOADER = "$(BUILT_PRODUCTS_DIR)/registerWeb.app/registerWeb";
				FRAMEWORK_SEARCH_PATHS = (
					"$(SDKROOT)/Developer/Library/Frameworks",
					"$(inherited)",
					"$(DEVELOPER_FRAMEWORKS_DIR)",
				);
				GCC_PRECOMPILE_PREFIX_HEADER = YES;
				GCC_PREFIX_HEADER = "registerWeb/registerWeb-Prefix.pch";
				GCC_PREPROCESSOR_DEFINITIONS = (
					"DEBUG=1",
					"$(inherited)",
				);
				INFOPLIST_FILE = "registerWebTests/registerWebTests-Info.plist";
				PRODUCT_NAME = "$(TARGET_NAME)";
				TEST_HOST = "$(BUNDLE_LOADER)";
				WRAPPER_EXTENSION = xctest;
			};
			name = Debug;
		};
		CC0BB6331A07588700C03208 /* Release */ = {
			isa = XCBuildConfiguration;
			buildSettings = {
				BUNDLE_LOADER = "$(BUILT_PRODUCTS_DIR)/registerWeb.app/registerWeb";
				FRAMEWORK_SEARCH_PATHS = (
					"$(SDKROOT)/Developer/Library/Frameworks",
					"$(inherited)",
					"$(DEVELOPER_FRAMEWORKS_DIR)",
				);
				GCC_PRECOMPILE_PREFIX_HEADER = YES;
				GCC_PREFIX_HEADER = "registerWeb/registerWeb-Prefix.pch";
				INFOPLIST_FILE = "registerWebTests/registerWebTests-Info.plist";
				PRODUCT_NAME = "$(TARGET_NAME)";
				TEST_HOST = "$(BUNDLE_LOADER)";
				WRAPPER_EXTENSION = xctest;
			};
			name = Release;
		};
/* End XCBuildConfiguration section */

/* Begin XCConfigurationList section */
		CC0BB5FD1A07588700C03208 /* Build configuration list for PBXProject "registerWeb" */ = {
			isa = XCConfigurationList;
			buildConfigurations = (
				CC0BB62C1A07588700C03208 /* Debug */,
				CC0BB62D1A07588700C03208 /* Release */,
			);
			defaultConfigurationIsVisible = 0;
			defaultConfigurationName = Release;
		};
		CC0BB62E1A07588700C03208 /* Build configuration list for PBXNativeTarget "registerWeb" */ = {
			isa = XCConfigurationList;
			buildConfigurations = (
				CC0BB62F1A07588700C03208 /* Debug */,
				CC0BB6301A07588700C03208 /* Release */,
			);
			defaultConfigurationIsVisible = 0;
			defaultConfigurationName = Release;
		};
		CC0BB6311A07588700C03208 /* Build configuration list for PBXNativeTarget "registerWebTests" */ = {
			isa = XCConfigurationList;
			buildConfigurations = (
				CC0BB6321A07588700C03208 /* Debug */,
				CC0BB6331A07588700C03208 /* Release */,
			);
			defaultConfigurationIsVisible = 0;
			defaultConfigurationName = Release;
		};
/* End XCConfigurationList section */
	};
	rootObject = CC0BB5FA1A07588700C03208 /* Project object */;
}
